// !$*UTF8*$!
{
	archiveVersion = 1;
	classes = {
	};
	objectVersion = 51;
	objects = {

/* Begin PBXBuildFile section */
		1870FD47256E5EDC001E60DF /* ProfilePicUploadModel.swift in Sources */ = {isa = PBXBuildFile; fileRef = 1870FD43256E5EDC001E60DF /* ProfilePicUploadModel.swift */; };
		1870FD48256E5EDC001E60DF /* profileUpdate.swift in Sources */ = {isa = PBXBuildFile; fileRef = 1870FD44256E5EDC001E60DF /* profileUpdate.swift */; };
		1870FD49256E5EDC001E60DF /* ElectionModel.swift in Sources */ = {isa = PBXBuildFile; fileRef = 1870FD45256E5EDC001E60DF /* ElectionModel.swift */; };
		1870FD4A256E5EDC001E60DF /* profileModel.swift in Sources */ = {isa = PBXBuildFile; fileRef = 1870FD46256E5EDC001E60DF /* profileModel.swift */; };
		1870FD52256E5EF4001E60DF /* profileService.swift in Sources */ = {isa = PBXBuildFile; fileRef = 1870FD4E256E5EF4001E60DF /* profileService.swift */; };
		1870FD53256E5EF4001E60DF /* ProfileUpdateService.swift in Sources */ = {isa = PBXBuildFile; fileRef = 1870FD4F256E5EF4001E60DF /* ProfileUpdateService.swift */; };
		1870FD54256E5EF4001E60DF /* ProfilePicUploadService.swift in Sources */ = {isa = PBXBuildFile; fileRef = 1870FD50256E5EF4001E60DF /* ProfilePicUploadService.swift */; };
		1870FD55256E5EF4001E60DF /* ElectionService.swift in Sources */ = {isa = PBXBuildFile; fileRef = 1870FD51256E5EF4001E60DF /* ElectionService.swift */; };
		1870FD5D256E5F06001E60DF /* presenterUpdateService.swift in Sources */ = {isa = PBXBuildFile; fileRef = 1870FD59256E5F06001E60DF /* presenterUpdateService.swift */; };
		1870FD5E256E5F06001E60DF /* profilePresenter.swift in Sources */ = {isa = PBXBuildFile; fileRef = 1870FD5A256E5F06001E60DF /* profilePresenter.swift */; };
		1870FD5F256E5F06001E60DF /* ProfilePicUploadPresenter.swift in Sources */ = {isa = PBXBuildFile; fileRef = 1870FD5B256E5F06001E60DF /* ProfilePicUploadPresenter.swift */; };
		1870FD60256E5F06001E60DF /* ElectionPresenter.swift in Sources */ = {isa = PBXBuildFile; fileRef = 1870FD5C256E5F06001E60DF /* ElectionPresenter.swift */; };
		1870FD6A256E5F22001E60DF /* Elections.swift in Sources */ = {isa = PBXBuildFile; fileRef = 1870FD64256E5F21001E60DF /* Elections.swift */; };
		1870FD6B256E5F22001E60DF /* History.swift in Sources */ = {isa = PBXBuildFile; fileRef = 1870FD65256E5F22001E60DF /* History.swift */; };
		1870FD6C256E5F22001E60DF /* Profile.swift in Sources */ = {isa = PBXBuildFile; fileRef = 1870FD66256E5F22001E60DF /* Profile.swift */; };
		1870FD6D256E5F22001E60DF /* Party.swift in Sources */ = {isa = PBXBuildFile; fileRef = 1870FD67256E5F22001E60DF /* Party.swift */; };
		1870FD6E256E5F22001E60DF /* ideology.swift in Sources */ = {isa = PBXBuildFile; fileRef = 1870FD68256E5F22001E60DF /* ideology.swift */; };
		1870FD6F256E5F22001E60DF /* AppSetting.swift in Sources */ = {isa = PBXBuildFile; fileRef = 1870FD69256E5F22001E60DF /* AppSetting.swift */; };
		1870FD74256E5F31001E60DF /* ElectionCell.swift in Sources */ = {isa = PBXBuildFile; fileRef = 1870FD73256E5F31001E60DF /* ElectionCell.swift */; };
		1870FD79256E5F54001E60DF /* TextFieldWithImage.swift in Sources */ = {isa = PBXBuildFile; fileRef = 1870FD78256E5F54001E60DF /* TextFieldWithImage.swift */; };
		478C663790F745A5A4A872AF /* Pods_SPV.framework in Frameworks */ = {isa = PBXBuildFile; fileRef = 05F36DCB3F859B52E36512BF /* Pods_SPV.framework */; };
		6B0E2AC32531CED80032ED45 /* loginService.swift in Sources */ = {isa = PBXBuildFile; fileRef = 6B0E2AC22531CED80032ED45 /* loginService.swift */; };
		6B268EDA25596AED005D0B8F /* NewsFeedModel.swift in Sources */ = {isa = PBXBuildFile; fileRef = 6B268ED925596AED005D0B8F /* NewsFeedModel.swift */; };
		6B268EE425596B93005D0B8F /* NewsFeedPresenter.swift in Sources */ = {isa = PBXBuildFile; fileRef = 6B268EE325596B93005D0B8F /* NewsFeedPresenter.swift */; };
		6B268EE925596F7F005D0B8F /* GlobalVariables.swift in Sources */ = {isa = PBXBuildFile; fileRef = 6B268EE825596F7F005D0B8F /* GlobalVariables.swift */; };
		6B268EF62559743D005D0B8F /* NewsFeedServices.swift in Sources */ = {isa = PBXBuildFile; fileRef = 6B268EF52559743D005D0B8F /* NewsFeedServices.swift */; };
		6B369D3E25321257001C1F29 /* login.swift in Sources */ = {isa = PBXBuildFile; fileRef = 6B369D3D25321256001C1F29 /* login.swift */; };
		6B369D40253212F6001C1F29 /* loginModel.swift in Sources */ = {isa = PBXBuildFile; fileRef = 6B369D3F253212F6001C1F29 /* loginModel.swift */; };
		6B369D422532214E001C1F29 /* otp.swift in Sources */ = {isa = PBXBuildFile; fileRef = 6B369D412532214E001C1F29 /* otp.swift */; };
		6B369D4325323011001C1F29 /* loginPresenter.swift in Sources */ = {isa = PBXBuildFile; fileRef = 6B0E2AC12531CED10032ED45 /* loginPresenter.swift */; };
		6B369D4525323213001C1F29 /* constants.swift in Sources */ = {isa = PBXBuildFile; fileRef = 6B369D4425323213001C1F29 /* constants.swift */; };
		6B3D83D72563958F00360C88 /* HomePageDetail.swift in Sources */ = {isa = PBXBuildFile; fileRef = 6B3D83D62563958F00360C88 /* HomePageDetail.swift */; };
		6B3D83DC25639A4800360C88 /* HomePageDetailModel.swift in Sources */ = {isa = PBXBuildFile; fileRef = 6B3D83DB25639A4800360C88 /* HomePageDetailModel.swift */; };
		6B3D83E125639A6D00360C88 /* HomePageDetailServices.swift in Sources */ = {isa = PBXBuildFile; fileRef = 6B3D83E025639A6D00360C88 /* HomePageDetailServices.swift */; };
		6B3D83E625639A8600360C88 /* HomePageDetailPresenter.swift in Sources */ = {isa = PBXBuildFile; fileRef = 6B3D83E525639A8600360C88 /* HomePageDetailPresenter.swift */; };
		6B3D83EF25639EE500360C88 /* Localizable.strings in Resources */ = {isa = PBXBuildFile; fileRef = 6B3D83F125639EE500360C88 /* Localizable.strings */; };
		6B3D83F725639F5800360C88 /* LocalizationSystem.swift in Sources */ = {isa = PBXBuildFile; fileRef = 6B3D83F625639F5800360C88 /* LocalizationSystem.swift */; };
		6B8E492025335A3D0005B001 /* Reachability.swift in Sources */ = {isa = PBXBuildFile; fileRef = 6B8E491F25335A3C0005B001 /* Reachability.swift */; };
		6B8E492225336F300005B001 /* otpModel.swift in Sources */ = {isa = PBXBuildFile; fileRef = 6B8E492125336F300005B001 /* otpModel.swift */; };
		6B8E492425336F4B0005B001 /* otpService.swift in Sources */ = {isa = PBXBuildFile; fileRef = 6B8E492325336F4B0005B001 /* otpService.swift */; };
		6B8E492625336F670005B001 /* otpPresenter.swift in Sources */ = {isa = PBXBuildFile; fileRef = 6B8E492525336F670005B001 /* otpPresenter.swift */; };
		6BB4425D254AA4E600ADE8C5 /* News.swift in Sources */ = {isa = PBXBuildFile; fileRef = 6BB4425C254AA4E600ADE8C5 /* News.swift */; };
		6BB4426E254AB9FB00ADE8C5 /* ViewController.m in Sources */ = {isa = PBXBuildFile; fileRef = 6BB4426D254AB9FB00ADE8C5 /* ViewController.m */; };
		6BBBA60225342CA900470E96 /* GradientColours.swift in Sources */ = {isa = PBXBuildFile; fileRef = 6BBBA60125342CA800470E96 /* GradientColours.swift */; };
		6BBBA60425343CAA00470E96 /* BottomBorder.swift in Sources */ = {isa = PBXBuildFile; fileRef = 6BBBA60325343CA900470E96 /* BottomBorder.swift */; };
		6BBBA60625344C2C00470E96 /* blog.swift in Sources */ = {isa = PBXBuildFile; fileRef = 6BBBA60525344C2B00470E96 /* blog.swift */; };
		6BBBA608253460AE00470E96 /* userDefault.swift in Sources */ = {isa = PBXBuildFile; fileRef = 6BBBA607253460AE00470E96 /* userDefault.swift */; };
		6BD098B22563A8D200445189 /* ImageSliderCell.swift in Sources */ = {isa = PBXBuildFile; fileRef = 6BD098B12563A8D100445189 /* ImageSliderCell.swift */; };
		6BD098C12563B3DC00445189 /* ChangeLanguage.swift in Sources */ = {isa = PBXBuildFile; fileRef = 6BD098C02563B3DC00445189 /* ChangeLanguage.swift */; };
		6BD500DF25494DA800A0BA2D /* HomeModel.swift in Sources */ = {isa = PBXBuildFile; fileRef = 6BD500DE25494DA700A0BA2D /* HomeModel.swift */; };
		6BD500E425494DBB00A0BA2D /* HomeServices.swift in Sources */ = {isa = PBXBuildFile; fileRef = 6BD500E325494DBB00A0BA2D /* HomeServices.swift */; };
		6BD500E925494DD000A0BA2D /* HomePresenter.swift in Sources */ = {isa = PBXBuildFile; fileRef = 6BD500E825494DD000A0BA2D /* HomePresenter.swift */; };
		6BDCBD9225417E4A0082AA17 /* Lato-Bold.ttf in Resources */ = {isa = PBXBuildFile; fileRef = 6BDCBD9125417E4A0082AA17 /* Lato-Bold.ttf */; };
		6BDCBD9725417E530082AA17 /* Lato-Regular.ttf in Resources */ = {isa = PBXBuildFile; fileRef = 6BDCBD9625417E530082AA17 /* Lato-Regular.ttf */; };
		6BDCBDD725419E7A0082AA17 /* Dashboard.storyboard in Resources */ = {isa = PBXBuildFile; fileRef = 6BDCBDD625419E7A0082AA17 /* Dashboard.storyboard */; };
		6BDCBDEA2541A8140082AA17 /* TabbarController.swift in Sources */ = {isa = PBXBuildFile; fileRef = 6BDCBDE92541A8140082AA17 /* TabbarController.swift */; };
		6BDF82412542C8A200E376B9 /* HomeCollectionViewCell.swift in Sources */ = {isa = PBXBuildFile; fileRef = 6BDF82402542C8A200E376B9 /* HomeCollectionViewCell.swift */; };
		6BDF82462542C8BF00E376B9 /* HomeTableViewCell.swift in Sources */ = {isa = PBXBuildFile; fileRef = 6BDF82452542C8BF00E376B9 /* HomeTableViewCell.swift */; };
		6BDF824B2542CC0600E376B9 /* Home.swift in Sources */ = {isa = PBXBuildFile; fileRef = 6BDF824A2542CC0600E376B9 /* Home.swift */; };
		6BEA90DF252DCC4E00F029C0 /* AppDelegate.swift in Sources */ = {isa = PBXBuildFile; fileRef = 6BEA90DE252DCC4E00F029C0 /* AppDelegate.swift */; };
		6BEA90E1252DCC4E00F029C0 /* SceneDelegate.swift in Sources */ = {isa = PBXBuildFile; fileRef = 6BEA90E0252DCC4E00F029C0 /* SceneDelegate.swift */; };
		6BEA90E6252DCC4E00F029C0 /* Main.storyboard in Resources */ = {isa = PBXBuildFile; fileRef = 6BEA90E4252DCC4E00F029C0 /* Main.storyboard */; };
		6BEA90E8252DCC6C00F029C0 /* Assets.xcassets in Resources */ = {isa = PBXBuildFile; fileRef = 6BEA90E7252DCC6C00F029C0 /* Assets.xcassets */; };
		6BEA90EB252DCC6C00F029C0 /* LaunchScreen.storyboard in Resources */ = {isa = PBXBuildFile; fileRef = 6BEA90E9252DCC6C00F029C0 /* LaunchScreen.storyboard */; };
		6BEA90F6252DCC6D00F029C0 /* SPVTests.swift in Sources */ = {isa = PBXBuildFile; fileRef = 6BEA90F5252DCC6D00F029C0 /* SPVTests.swift */; };
		6BEA9101252DCC6D00F029C0 /* SPVUITests.swift in Sources */ = {isa = PBXBuildFile; fileRef = 6BEA9100252DCC6D00F029C0 /* SPVUITests.swift */; };
		6BEA911D252DDC1000F029C0 /* APIManager.swift in Sources */ = {isa = PBXBuildFile; fileRef = 6BEA911C252DDC1000F029C0 /* APIManager.swift */; };
		6BEA911F252DDC4900F029C0 /* APIUrl.swift in Sources */ = {isa = PBXBuildFile; fileRef = 6BEA911E252DDC4900F029C0 /* APIUrl.swift */; };
		6BEA9121252DDC6C00F029C0 /* APIFunctionName.swift in Sources */ = {isa = PBXBuildFile; fileRef = 6BEA9120252DDC6C00F029C0 /* APIFunctionName.swift */; };
		6BEA9123252DDCBA00F029C0 /* TapToDismissKeypad.swift in Sources */ = {isa = PBXBuildFile; fileRef = 6BEA9122252DDCBA00F029C0 /* TapToDismissKeypad.swift */; };
		6BEA9125252DDCD500F029C0 /* ShadowEffectForUIView.swift in Sources */ = {isa = PBXBuildFile; fileRef = 6BEA9124252DDCD500F029C0 /* ShadowEffectForUIView.swift */; };
		6BEA9127252DDCF500F029C0 /* RoundedCornerForUIView.swift in Sources */ = {isa = PBXBuildFile; fileRef = 6BEA9126252DDCF500F029C0 /* RoundedCornerForUIView.swift */; };
		6BEA9129252DDD1900F029C0 /* NavigationBarTitleOnLeftSide.swift in Sources */ = {isa = PBXBuildFile; fileRef = 6BEA9128252DDD1900F029C0 /* NavigationBarTitleOnLeftSide.swift */; };
		6BEA912B252DDD4300F029C0 /* DateFormatter.swift in Sources */ = {isa = PBXBuildFile; fileRef = 6BEA912A252DDD4300F029C0 /* DateFormatter.swift */; };
		6BEA912D252DDD5500F029C0 /* HTMLToString.swift in Sources */ = {isa = PBXBuildFile; fileRef = 6BEA912C252DDD5500F029C0 /* HTMLToString.swift */; };
		6BEA912F252DDE9C00F029C0 /* AlertController.swift in Sources */ = {isa = PBXBuildFile; fileRef = 6BEA912E252DDE9C00F029C0 /* AlertController.swift */; };
		6BEA9131252DDFD600F029C0 /* ActivityIndicator.swift in Sources */ = {isa = PBXBuildFile; fileRef = 6BEA9130252DDFD600F029C0 /* ActivityIndicator.swift */; };
		6BF03D09255D1B2900F7ADEC /* Events.swift in Sources */ = {isa = PBXBuildFile; fileRef = 6BF03D08255D1B2900F7ADEC /* Events.swift */; };
		6BF03D0E255D1B6700F7ADEC /* SocialInitiatives.swift in Sources */ = {isa = PBXBuildFile; fileRef = 6BF03D0D255D1B6700F7ADEC /* SocialInitiatives.swift */; };
		6BF03D13255D1B7A00F7ADEC /* SocilaMedia.swift in Sources */ = {isa = PBXBuildFile; fileRef = 6BF03D12255D1B7A00F7ADEC /* SocilaMedia.swift */; };
		6BF03D18255D26CD00F7ADEC /* SocilaMediaModel.swift in Sources */ = {isa = PBXBuildFile; fileRef = 6BF03D17255D26CD00F7ADEC /* SocilaMediaModel.swift */; };
		6BF03D1D255D288600F7ADEC /* SocialMediaService.swift in Sources */ = {isa = PBXBuildFile; fileRef = 6BF03D1C255D288600F7ADEC /* SocialMediaService.swift */; };
		6BF03D22255D28DA00F7ADEC /* SocialMediaPresenter.swift in Sources */ = {isa = PBXBuildFile; fileRef = 6BF03D21255D28DA00F7ADEC /* SocialMediaPresenter.swift */; };
/* End PBXBuildFile section */

/* Begin PBXContainerItemProxy section */
		6BEA90F2252DCC6D00F029C0 /* PBXContainerItemProxy */ = {
			isa = PBXContainerItemProxy;
			containerPortal = 6BEA90D3252DCC4E00F029C0 /* Project object */;
			proxyType = 1;
			remoteGlobalIDString = 6BEA90DA252DCC4E00F029C0;
			remoteInfo = SPV;
		};
		6BEA90FD252DCC6D00F029C0 /* PBXContainerItemProxy */ = {
			isa = PBXContainerItemProxy;
			containerPortal = 6BEA90D3252DCC4E00F029C0 /* Project object */;
			proxyType = 1;
			remoteGlobalIDString = 6BEA90DA252DCC4E00F029C0;
			remoteInfo = SPV;
		};
/* End PBXContainerItemProxy section */

/* Begin PBXFileReference section */
		05F36DCB3F859B52E36512BF /* Pods_SPV.framework */ = {isa = PBXFileReference; explicitFileType = wrapper.framework; includeInIndex = 0; path = Pods_SPV.framework; sourceTree = BUILT_PRODUCTS_DIR; };
		1870FD43256E5EDC001E60DF /* ProfilePicUploadModel.swift */ = {isa = PBXFileReference; fileEncoding = 4; lastKnownFileType = sourcecode.swift; path = ProfilePicUploadModel.swift; sourceTree = "<group>"; };
		1870FD44256E5EDC001E60DF /* profileUpdate.swift */ = {isa = PBXFileReference; fileEncoding = 4; lastKnownFileType = sourcecode.swift; path = profileUpdate.swift; sourceTree = "<group>"; };
		1870FD45256E5EDC001E60DF /* ElectionModel.swift */ = {isa = PBXFileReference; fileEncoding = 4; lastKnownFileType = sourcecode.swift; path = ElectionModel.swift; sourceTree = "<group>"; };
		1870FD46256E5EDC001E60DF /* profileModel.swift */ = {isa = PBXFileReference; fileEncoding = 4; lastKnownFileType = sourcecode.swift; path = profileModel.swift; sourceTree = "<group>"; };
		1870FD4E256E5EF4001E60DF /* profileService.swift */ = {isa = PBXFileReference; fileEncoding = 4; lastKnownFileType = sourcecode.swift; path = profileService.swift; sourceTree = "<group>"; };
		1870FD4F256E5EF4001E60DF /* ProfileUpdateService.swift */ = {isa = PBXFileReference; fileEncoding = 4; lastKnownFileType = sourcecode.swift; path = ProfileUpdateService.swift; sourceTree = "<group>"; };
		1870FD50256E5EF4001E60DF /* ProfilePicUploadService.swift */ = {isa = PBXFileReference; fileEncoding = 4; lastKnownFileType = sourcecode.swift; path = ProfilePicUploadService.swift; sourceTree = "<group>"; };
		1870FD51256E5EF4001E60DF /* ElectionService.swift */ = {isa = PBXFileReference; fileEncoding = 4; lastKnownFileType = sourcecode.swift; path = ElectionService.swift; sourceTree = "<group>"; };
		1870FD59256E5F06001E60DF /* presenterUpdateService.swift */ = {isa = PBXFileReference; fileEncoding = 4; lastKnownFileType = sourcecode.swift; path = presenterUpdateService.swift; sourceTree = "<group>"; };
		1870FD5A256E5F06001E60DF /* profilePresenter.swift */ = {isa = PBXFileReference; fileEncoding = 4; lastKnownFileType = sourcecode.swift; path = profilePresenter.swift; sourceTree = "<group>"; };
		1870FD5B256E5F06001E60DF /* ProfilePicUploadPresenter.swift */ = {isa = PBXFileReference; fileEncoding = 4; lastKnownFileType = sourcecode.swift; path = ProfilePicUploadPresenter.swift; sourceTree = "<group>"; };
		1870FD5C256E5F06001E60DF /* ElectionPresenter.swift */ = {isa = PBXFileReference; fileEncoding = 4; lastKnownFileType = sourcecode.swift; path = ElectionPresenter.swift; sourceTree = "<group>"; };
		1870FD64256E5F21001E60DF /* Elections.swift */ = {isa = PBXFileReference; fileEncoding = 4; lastKnownFileType = sourcecode.swift; path = Elections.swift; sourceTree = "<group>"; };
		1870FD65256E5F22001E60DF /* History.swift */ = {isa = PBXFileReference; fileEncoding = 4; lastKnownFileType = sourcecode.swift; path = History.swift; sourceTree = "<group>"; };
		1870FD66256E5F22001E60DF /* Profile.swift */ = {isa = PBXFileReference; fileEncoding = 4; lastKnownFileType = sourcecode.swift; path = Profile.swift; sourceTree = "<group>"; };
		1870FD67256E5F22001E60DF /* Party.swift */ = {isa = PBXFileReference; fileEncoding = 4; lastKnownFileType = sourcecode.swift; path = Party.swift; sourceTree = "<group>"; };
		1870FD68256E5F22001E60DF /* ideology.swift */ = {isa = PBXFileReference; fileEncoding = 4; lastKnownFileType = sourcecode.swift; path = ideology.swift; sourceTree = "<group>"; };
		1870FD69256E5F22001E60DF /* AppSetting.swift */ = {isa = PBXFileReference; fileEncoding = 4; lastKnownFileType = sourcecode.swift; path = AppSetting.swift; sourceTree = "<group>"; };
		1870FD73256E5F31001E60DF /* ElectionCell.swift */ = {isa = PBXFileReference; fileEncoding = 4; lastKnownFileType = sourcecode.swift; path = ElectionCell.swift; sourceTree = "<group>"; };
		1870FD78256E5F54001E60DF /* TextFieldWithImage.swift */ = {isa = PBXFileReference; fileEncoding = 4; lastKnownFileType = sourcecode.swift; path = TextFieldWithImage.swift; sourceTree = "<group>"; };
		34FB927C4CC488B8717DAFCE /* Pods-SPV.release.xcconfig */ = {isa = PBXFileReference; includeInIndex = 1; lastKnownFileType = text.xcconfig; name = "Pods-SPV.release.xcconfig"; path = "Target Support Files/Pods-SPV/Pods-SPV.release.xcconfig"; sourceTree = "<group>"; };
		6B0E2AC12531CED10032ED45 /* loginPresenter.swift */ = {isa = PBXFileReference; lastKnownFileType = sourcecode.swift; path = loginPresenter.swift; sourceTree = "<group>"; };
		6B0E2AC22531CED80032ED45 /* loginService.swift */ = {isa = PBXFileReference; lastKnownFileType = sourcecode.swift; path = loginService.swift; sourceTree = "<group>"; };
		6B268ED925596AED005D0B8F /* NewsFeedModel.swift */ = {isa = PBXFileReference; lastKnownFileType = sourcecode.swift; path = NewsFeedModel.swift; sourceTree = "<group>"; };
		6B268EE325596B93005D0B8F /* NewsFeedPresenter.swift */ = {isa = PBXFileReference; lastKnownFileType = sourcecode.swift; path = NewsFeedPresenter.swift; sourceTree = "<group>"; };
		6B268EE825596F7F005D0B8F /* GlobalVariables.swift */ = {isa = PBXFileReference; fileEncoding = 4; lastKnownFileType = sourcecode.swift; path = GlobalVariables.swift; sourceTree = "<group>"; };
		6B268EF52559743D005D0B8F /* NewsFeedServices.swift */ = {isa = PBXFileReference; fileEncoding = 4; lastKnownFileType = sourcecode.swift; path = NewsFeedServices.swift; sourceTree = "<group>"; };
		6B369D3D25321256001C1F29 /* login.swift */ = {isa = PBXFileReference; fileEncoding = 4; lastKnownFileType = sourcecode.swift; name = login.swift; path = SPV/VC/login.swift; sourceTree = SOURCE_ROOT; };
		6B369D3F253212F6001C1F29 /* loginModel.swift */ = {isa = PBXFileReference; lastKnownFileType = sourcecode.swift; name = loginModel.swift; path = SPV/Model/loginModel.swift; sourceTree = SOURCE_ROOT; };
		6B369D412532214E001C1F29 /* otp.swift */ = {isa = PBXFileReference; lastKnownFileType = sourcecode.swift; name = otp.swift; path = SPV/VC/otp.swift; sourceTree = SOURCE_ROOT; };
		6B369D4425323213001C1F29 /* constants.swift */ = {isa = PBXFileReference; lastKnownFileType = sourcecode.swift; name = constants.swift; path = SPV/Helper/constants.swift; sourceTree = SOURCE_ROOT; };
		6B3D83D62563958F00360C88 /* HomePageDetail.swift */ = {isa = PBXFileReference; fileEncoding = 4; lastKnownFileType = sourcecode.swift; path = HomePageDetail.swift; sourceTree = "<group>"; };
		6B3D83DB25639A4800360C88 /* HomePageDetailModel.swift */ = {isa = PBXFileReference; fileEncoding = 4; lastKnownFileType = sourcecode.swift; path = HomePageDetailModel.swift; sourceTree = "<group>"; };
		6B3D83E025639A6D00360C88 /* HomePageDetailServices.swift */ = {isa = PBXFileReference; fileEncoding = 4; lastKnownFileType = sourcecode.swift; path = HomePageDetailServices.swift; sourceTree = "<group>"; };
		6B3D83E525639A8600360C88 /* HomePageDetailPresenter.swift */ = {isa = PBXFileReference; fileEncoding = 4; lastKnownFileType = sourcecode.swift; path = HomePageDetailPresenter.swift; sourceTree = "<group>"; };
		6B3D83F025639EE500360C88 /* en */ = {isa = PBXFileReference; lastKnownFileType = text.plist.strings; name = en; path = en.lproj/Localizable.strings; sourceTree = "<group>"; };
		6B3D83F225639EE700360C88 /* ta */ = {isa = PBXFileReference; lastKnownFileType = text.plist.strings; name = ta; path = ta.lproj/Localizable.strings; sourceTree = "<group>"; };
		6B3D83F625639F5800360C88 /* LocalizationSystem.swift */ = {isa = PBXFileReference; fileEncoding = 4; lastKnownFileType = sourcecode.swift; path = LocalizationSystem.swift; sourceTree = "<group>"; };
		6B8E491F25335A3C0005B001 /* Reachability.swift */ = {isa = PBXFileReference; lastKnownFileType = sourcecode.swift; name = Reachability.swift; path = SPV/Helper/Reachability.swift; sourceTree = SOURCE_ROOT; };
		6B8E492125336F300005B001 /* otpModel.swift */ = {isa = PBXFileReference; lastKnownFileType = sourcecode.swift; name = otpModel.swift; path = SPV/Model/otpModel.swift; sourceTree = SOURCE_ROOT; };
		6B8E492325336F4B0005B001 /* otpService.swift */ = {isa = PBXFileReference; lastKnownFileType = sourcecode.swift; name = otpService.swift; path = SPV/Service/otpService.swift; sourceTree = SOURCE_ROOT; };
		6B8E492525336F670005B001 /* otpPresenter.swift */ = {isa = PBXFileReference; lastKnownFileType = sourcecode.swift; name = otpPresenter.swift; path = SPV/Presenter/otpPresenter.swift; sourceTree = SOURCE_ROOT; };
		6BB4425C254AA4E600ADE8C5 /* News.swift */ = {isa = PBXFileReference; lastKnownFileType = sourcecode.swift; path = News.swift; sourceTree = "<group>"; };
		6BB4426B254AB9F200ADE8C5 /* ViewController.h */ = {isa = PBXFileReference; fileEncoding = 4; lastKnownFileType = sourcecode.c.h; name = ViewController.h; path = ../ViewController.h; sourceTree = "<group>"; };
		6BB4426C254AB9FA00ADE8C5 /* SPV-Bridging-Header.h */ = {isa = PBXFileReference; lastKnownFileType = sourcecode.c.h; path = "SPV-Bridging-Header.h"; sourceTree = "<group>"; };
		6BB4426D254AB9FB00ADE8C5 /* ViewController.m */ = {isa = PBXFileReference; fileEncoding = 4; lastKnownFileType = sourcecode.c.objc; name = ViewController.m; path = ../ViewController.m; sourceTree = "<group>"; };
		6BBBA60125342CA800470E96 /* GradientColours.swift */ = {isa = PBXFileReference; lastKnownFileType = sourcecode.swift; name = GradientColours.swift; path = SPV/Helper/GradientColours.swift; sourceTree = SOURCE_ROOT; };
		6BBBA60325343CA900470E96 /* BottomBorder.swift */ = {isa = PBXFileReference; lastKnownFileType = sourcecode.swift; name = BottomBorder.swift; path = SPV/Helper/BottomBorder.swift; sourceTree = SOURCE_ROOT; };
		6BBBA60525344C2B00470E96 /* blog.swift */ = {isa = PBXFileReference; lastKnownFileType = sourcecode.swift; name = blog.swift; path = SPV/VC/blog.swift; sourceTree = SOURCE_ROOT; };
		6BBBA607253460AE00470E96 /* userDefault.swift */ = {isa = PBXFileReference; lastKnownFileType = sourcecode.swift; name = userDefault.swift; path = SPV/Extension/userDefault.swift; sourceTree = SOURCE_ROOT; };
		6BD098B12563A8D100445189 /* ImageSliderCell.swift */ = {isa = PBXFileReference; fileEncoding = 4; lastKnownFileType = sourcecode.swift; path = ImageSliderCell.swift; sourceTree = "<group>"; };
		6BD098C02563B3DC00445189 /* ChangeLanguage.swift */ = {isa = PBXFileReference; lastKnownFileType = sourcecode.swift; path = ChangeLanguage.swift; sourceTree = "<group>"; };
		6BD500DE25494DA700A0BA2D /* HomeModel.swift */ = {isa = PBXFileReference; fileEncoding = 4; lastKnownFileType = sourcecode.swift; path = HomeModel.swift; sourceTree = "<group>"; };
		6BD500E325494DBB00A0BA2D /* HomeServices.swift */ = {isa = PBXFileReference; fileEncoding = 4; lastKnownFileType = sourcecode.swift; path = HomeServices.swift; sourceTree = "<group>"; };
		6BD500E825494DD000A0BA2D /* HomePresenter.swift */ = {isa = PBXFileReference; fileEncoding = 4; lastKnownFileType = sourcecode.swift; path = HomePresenter.swift; sourceTree = "<group>"; };
		6BDCBD9125417E4A0082AA17 /* Lato-Bold.ttf */ = {isa = PBXFileReference; lastKnownFileType = file; path = "Lato-Bold.ttf"; sourceTree = "<group>"; };
		6BDCBD9625417E530082AA17 /* Lato-Regular.ttf */ = {isa = PBXFileReference; lastKnownFileType = file; path = "Lato-Regular.ttf"; sourceTree = "<group>"; };
		6BDCBDD625419E7A0082AA17 /* Dashboard.storyboard */ = {isa = PBXFileReference; lastKnownFileType = file.storyboard; path = Dashboard.storyboard; sourceTree = "<group>"; };
		6BDCBDE92541A8140082AA17 /* TabbarController.swift */ = {isa = PBXFileReference; fileEncoding = 4; lastKnownFileType = sourcecode.swift; path = TabbarController.swift; sourceTree = "<group>"; };
		6BDF82402542C8A200E376B9 /* HomeCollectionViewCell.swift */ = {isa = PBXFileReference; lastKnownFileType = sourcecode.swift; path = HomeCollectionViewCell.swift; sourceTree = "<group>"; };
		6BDF82452542C8BF00E376B9 /* HomeTableViewCell.swift */ = {isa = PBXFileReference; lastKnownFileType = sourcecode.swift; path = HomeTableViewCell.swift; sourceTree = "<group>"; };
		6BDF824A2542CC0600E376B9 /* Home.swift */ = {isa = PBXFileReference; lastKnownFileType = sourcecode.swift; path = Home.swift; sourceTree = "<group>"; };
		6BEA90DB252DCC4E00F029C0 /* SPV.app */ = {isa = PBXFileReference; explicitFileType = wrapper.application; includeInIndex = 0; path = SPV.app; sourceTree = BUILT_PRODUCTS_DIR; };
		6BEA90DE252DCC4E00F029C0 /* AppDelegate.swift */ = {isa = PBXFileReference; lastKnownFileType = sourcecode.swift; path = AppDelegate.swift; sourceTree = "<group>"; };
		6BEA90E0252DCC4E00F029C0 /* SceneDelegate.swift */ = {isa = PBXFileReference; lastKnownFileType = sourcecode.swift; path = SceneDelegate.swift; sourceTree = "<group>"; };
		6BEA90E5252DCC4E00F029C0 /* Base */ = {isa = PBXFileReference; lastKnownFileType = file.storyboard; name = Base; path = Base.lproj/Main.storyboard; sourceTree = "<group>"; };
		6BEA90E7252DCC6C00F029C0 /* Assets.xcassets */ = {isa = PBXFileReference; lastKnownFileType = folder.assetcatalog; path = Assets.xcassets; sourceTree = "<group>"; };
		6BEA90EA252DCC6C00F029C0 /* Base */ = {isa = PBXFileReference; lastKnownFileType = file.storyboard; name = Base; path = Base.lproj/LaunchScreen.storyboard; sourceTree = "<group>"; };
		6BEA90EC252DCC6C00F029C0 /* Info.plist */ = {isa = PBXFileReference; lastKnownFileType = text.plist.xml; path = Info.plist; sourceTree = "<group>"; };
		6BEA90F1252DCC6D00F029C0 /* SPVTests.xctest */ = {isa = PBXFileReference; explicitFileType = wrapper.cfbundle; includeInIndex = 0; path = SPVTests.xctest; sourceTree = BUILT_PRODUCTS_DIR; };
		6BEA90F5252DCC6D00F029C0 /* SPVTests.swift */ = {isa = PBXFileReference; lastKnownFileType = sourcecode.swift; path = SPVTests.swift; sourceTree = "<group>"; };
		6BEA90F7252DCC6D00F029C0 /* Info.plist */ = {isa = PBXFileReference; lastKnownFileType = text.plist.xml; path = Info.plist; sourceTree = "<group>"; };
		6BEA90FC252DCC6D00F029C0 /* SPVUITests.xctest */ = {isa = PBXFileReference; explicitFileType = wrapper.cfbundle; includeInIndex = 0; path = SPVUITests.xctest; sourceTree = BUILT_PRODUCTS_DIR; };
		6BEA9100252DCC6D00F029C0 /* SPVUITests.swift */ = {isa = PBXFileReference; lastKnownFileType = sourcecode.swift; path = SPVUITests.swift; sourceTree = "<group>"; };
		6BEA9102252DCC6D00F029C0 /* Info.plist */ = {isa = PBXFileReference; lastKnownFileType = text.plist.xml; path = Info.plist; sourceTree = "<group>"; };
		6BEA911C252DDC1000F029C0 /* APIManager.swift */ = {isa = PBXFileReference; lastKnownFileType = sourcecode.swift; name = APIManager.swift; path = "SPV/API Manager/APIManager.swift"; sourceTree = SOURCE_ROOT; };
		6BEA911E252DDC4900F029C0 /* APIUrl.swift */ = {isa = PBXFileReference; lastKnownFileType = sourcecode.swift; name = APIUrl.swift; path = "SPV/API Manager/APIUrl.swift"; sourceTree = SOURCE_ROOT; };
		6BEA9120252DDC6C00F029C0 /* APIFunctionName.swift */ = {isa = PBXFileReference; lastKnownFileType = sourcecode.swift; name = APIFunctionName.swift; path = "SPV/API Manager/APIFunctionName.swift"; sourceTree = SOURCE_ROOT; };
		6BEA9122252DDCBA00F029C0 /* TapToDismissKeypad.swift */ = {isa = PBXFileReference; lastKnownFileType = sourcecode.swift; name = TapToDismissKeypad.swift; path = SPV/Extension/TapToDismissKeypad.swift; sourceTree = SOURCE_ROOT; };
		6BEA9124252DDCD500F029C0 /* ShadowEffectForUIView.swift */ = {isa = PBXFileReference; lastKnownFileType = sourcecode.swift; name = ShadowEffectForUIView.swift; path = SPV/Extension/ShadowEffectForUIView.swift; sourceTree = SOURCE_ROOT; };
		6BEA9126252DDCF500F029C0 /* RoundedCornerForUIView.swift */ = {isa = PBXFileReference; lastKnownFileType = sourcecode.swift; name = RoundedCornerForUIView.swift; path = SPV/Extension/RoundedCornerForUIView.swift; sourceTree = SOURCE_ROOT; };
		6BEA9128252DDD1900F029C0 /* NavigationBarTitleOnLeftSide.swift */ = {isa = PBXFileReference; lastKnownFileType = sourcecode.swift; name = NavigationBarTitleOnLeftSide.swift; path = SPV/Extension/NavigationBarTitleOnLeftSide.swift; sourceTree = SOURCE_ROOT; };
		6BEA912A252DDD4300F029C0 /* DateFormatter.swift */ = {isa = PBXFileReference; lastKnownFileType = sourcecode.swift; name = DateFormatter.swift; path = SPV/Extension/DateFormatter.swift; sourceTree = SOURCE_ROOT; };
		6BEA912C252DDD5500F029C0 /* HTMLToString.swift */ = {isa = PBXFileReference; lastKnownFileType = sourcecode.swift; name = HTMLToString.swift; path = SPV/Extension/HTMLToString.swift; sourceTree = SOURCE_ROOT; };
		6BEA912E252DDE9C00F029C0 /* AlertController.swift */ = {isa = PBXFileReference; lastKnownFileType = sourcecode.swift; name = AlertController.swift; path = SPV/Helper/AlertController.swift; sourceTree = SOURCE_ROOT; };
		6BEA9130252DDFD600F029C0 /* ActivityIndicator.swift */ = {isa = PBXFileReference; lastKnownFileType = sourcecode.swift; name = ActivityIndicator.swift; path = SPV/Helper/ActivityIndicator.swift; sourceTree = SOURCE_ROOT; };
		6BF03D08255D1B2900F7ADEC /* Events.swift */ = {isa = PBXFileReference; lastKnownFileType = sourcecode.swift; path = Events.swift; sourceTree = "<group>"; };
		6BF03D0D255D1B6700F7ADEC /* SocialInitiatives.swift */ = {isa = PBXFileReference; lastKnownFileType = sourcecode.swift; path = SocialInitiatives.swift; sourceTree = "<group>"; };
		6BF03D12255D1B7A00F7ADEC /* SocilaMedia.swift */ = {isa = PBXFileReference; lastKnownFileType = sourcecode.swift; path = SocilaMedia.swift; sourceTree = "<group>"; };
		6BF03D17255D26CD00F7ADEC /* SocilaMediaModel.swift */ = {isa = PBXFileReference; lastKnownFileType = sourcecode.swift; path = SocilaMediaModel.swift; sourceTree = "<group>"; };
		6BF03D1C255D288600F7ADEC /* SocialMediaService.swift */ = {isa = PBXFileReference; lastKnownFileType = sourcecode.swift; path = SocialMediaService.swift; sourceTree = "<group>"; };
		6BF03D21255D28DA00F7ADEC /* SocialMediaPresenter.swift */ = {isa = PBXFileReference; lastKnownFileType = sourcecode.swift; path = SocialMediaPresenter.swift; sourceTree = "<group>"; };
		D742C3861FD0A1235A866BAD /* Pods-SPV.debug.xcconfig */ = {isa = PBXFileReference; includeInIndex = 1; lastKnownFileType = text.xcconfig; name = "Pods-SPV.debug.xcconfig"; path = "Target Support Files/Pods-SPV/Pods-SPV.debug.xcconfig"; sourceTree = "<group>"; };
/* End PBXFileReference section */

/* Begin PBXFrameworksBuildPhase section */
		6BEA90D8252DCC4E00F029C0 /* Frameworks */ = {
			isa = PBXFrameworksBuildPhase;
			buildActionMask = 2147483647;
			files = (
				478C663790F745A5A4A872AF /* Pods_SPV.framework in Frameworks */,
			);
			runOnlyForDeploymentPostprocessing = 0;
		};
		6BEA90EE252DCC6D00F029C0 /* Frameworks */ = {
			isa = PBXFrameworksBuildPhase;
			buildActionMask = 2147483647;
			files = (
			);
			runOnlyForDeploymentPostprocessing = 0;
		};
		6BEA90F9252DCC6D00F029C0 /* Frameworks */ = {
			isa = PBXFrameworksBuildPhase;
			buildActionMask = 2147483647;
			files = (
			);
			runOnlyForDeploymentPostprocessing = 0;
		};
/* End PBXFrameworksBuildPhase section */

/* Begin PBXGroup section */
		2A25539B8526EADE97935954 /* Frameworks */ = {
			isa = PBXGroup;
			children = (
				05F36DCB3F859B52E36512BF /* Pods_SPV.framework */,
			);
			name = Frameworks;
			sourceTree = "<group>";
		};
		6BEA90D2252DCC4E00F029C0 = {
			isa = PBXGroup;
			children = (
				6BEA90DD252DCC4E00F029C0 /* SPV */,
				6BEA90F4252DCC6D00F029C0 /* SPVTests */,
				6BEA90FF252DCC6D00F029C0 /* SPVUITests */,
				6BEA90DC252DCC4E00F029C0 /* Products */,
				FF31AD88EF569BBE65EFC7F4 /* Pods */,
				2A25539B8526EADE97935954 /* Frameworks */,
			);
			sourceTree = "<group>";
		};
		6BEA90DC252DCC4E00F029C0 /* Products */ = {
			isa = PBXGroup;
			children = (
				6BEA90DB252DCC4E00F029C0 /* SPV.app */,
				6BEA90F1252DCC6D00F029C0 /* SPVTests.xctest */,
				6BEA90FC252DCC6D00F029C0 /* SPVUITests.xctest */,
			);
			name = Products;
			sourceTree = "<group>";
		};
		6BEA90DD252DCC4E00F029C0 /* SPV */ = {
			isa = PBXGroup;
			children = (
				6BEA90DE252DCC4E00F029C0 /* AppDelegate.swift */,
				6BEA90E0252DCC4E00F029C0 /* SceneDelegate.swift */,
				6BEA9112252DD50E00F029C0 /* Multi Language */,
				6BEA9113252DD52100F029C0 /* Font */,
				6BEA9114252DD53200F029C0 /* API Manager */,
				6BEA910E252DD2F900F029C0 /* Model */,
				6BEA9110252DD35300F029C0 /* Service */,
				6BEA910F252DD32300F029C0 /* Presenter */,
				6BEA9111252DD36300F029C0 /* VC */,
				6BEA9118252DDB2B00F029C0 /* Cell */,
				6BEA911A252DDB4400F029C0 /* Helper */,
				6BEA9119252DDB3C00F029C0 /* Extension */,
				6BED08D8253DA993001E8C0F /* StoryBoards */,
				6BEA90E9252DCC6C00F029C0 /* LaunchScreen.storyboard */,
				6BEA90EC252DCC6C00F029C0 /* Info.plist */,
				6BEA90E7252DCC6C00F029C0 /* Assets.xcassets */,
			);
			path = SPV;
			sourceTree = "<group>";
		};
		6BEA90F4252DCC6D00F029C0 /* SPVTests */ = {
			isa = PBXGroup;
			children = (
				6BEA90F5252DCC6D00F029C0 /* SPVTests.swift */,
				6BEA90F7252DCC6D00F029C0 /* Info.plist */,
			);
			path = SPVTests;
			sourceTree = "<group>";
		};
		6BEA90FF252DCC6D00F029C0 /* SPVUITests */ = {
			isa = PBXGroup;
			children = (
				6BEA9100252DCC6D00F029C0 /* SPVUITests.swift */,
				6BEA9102252DCC6D00F029C0 /* Info.plist */,
			);
			path = SPVUITests;
			sourceTree = "<group>";
		};
		6BEA910E252DD2F900F029C0 /* Model */ = {
			isa = PBXGroup;
			children = (
				6B369D3F253212F6001C1F29 /* loginModel.swift */,
				6B8E492125336F300005B001 /* otpModel.swift */,
				6BD500DE25494DA700A0BA2D /* HomeModel.swift */,
				6B268ED925596AED005D0B8F /* NewsFeedModel.swift */,
				6BF03D17255D26CD00F7ADEC /* SocilaMediaModel.swift */,
				6B3D83DB25639A4800360C88 /* HomePageDetailModel.swift */,
				1870FD45256E5EDC001E60DF /* ElectionModel.swift */,
				1870FD46256E5EDC001E60DF /* profileModel.swift */,
				1870FD43256E5EDC001E60DF /* ProfilePicUploadModel.swift */,
				1870FD44256E5EDC001E60DF /* profileUpdate.swift */,
			);
			path = Model;
			sourceTree = "<group>";
		};
		6BEA910F252DD32300F029C0 /* Presenter */ = {
			isa = PBXGroup;
			children = (
				6B0E2AC12531CED10032ED45 /* loginPresenter.swift */,
				6B8E492525336F670005B001 /* otpPresenter.swift */,
				6BD500E825494DD000A0BA2D /* HomePresenter.swift */,
				6B268EE325596B93005D0B8F /* NewsFeedPresenter.swift */,
				6BF03D21255D28DA00F7ADEC /* SocialMediaPresenter.swift */,
				6B3D83E525639A8600360C88 /* HomePageDetailPresenter.swift */,
				1870FD5C256E5F06001E60DF /* ElectionPresenter.swift */,
				1870FD59256E5F06001E60DF /* presenterUpdateService.swift */,
				1870FD5B256E5F06001E60DF /* ProfilePicUploadPresenter.swift */,
				1870FD5A256E5F06001E60DF /* profilePresenter.swift */,
			);
			path = Presenter;
			sourceTree = "<group>";
		};
		6BEA9110252DD35300F029C0 /* Service */ = {
			isa = PBXGroup;
			children = (
				6B0E2AC22531CED80032ED45 /* loginService.swift */,
				6B8E492325336F4B0005B001 /* otpService.swift */,
				6BD500E325494DBB00A0BA2D /* HomeServices.swift */,
				6B268EF52559743D005D0B8F /* NewsFeedServices.swift */,
				6BF03D1C255D288600F7ADEC /* SocialMediaService.swift */,
				6B3D83E025639A6D00360C88 /* HomePageDetailServices.swift */,
				1870FD51256E5EF4001E60DF /* ElectionService.swift */,
				1870FD50256E5EF4001E60DF /* ProfilePicUploadService.swift */,
				1870FD4E256E5EF4001E60DF /* profileService.swift */,
				1870FD4F256E5EF4001E60DF /* ProfileUpdateService.swift */,
			);
			path = Service;
			sourceTree = "<group>";
		};
		6BEA9111252DD36300F029C0 /* VC */ = {
			isa = PBXGroup;
			children = (
				6B369D3D25321256001C1F29 /* login.swift */,
				6B369D412532214E001C1F29 /* otp.swift */,
				6BBBA60525344C2B00470E96 /* blog.swift */,
				6BDCBDE92541A8140082AA17 /* TabbarController.swift */,
				6BDF824A2542CC0600E376B9 /* Home.swift */,
				6BB4425C254AA4E600ADE8C5 /* News.swift */,
				6BF03D08255D1B2900F7ADEC /* Events.swift */,
				6BF03D0D255D1B6700F7ADEC /* SocialInitiatives.swift */,
				6BF03D12255D1B7A00F7ADEC /* SocilaMedia.swift */,
				6B3D83D62563958F00360C88 /* HomePageDetail.swift */,
				6BD098C02563B3DC00445189 /* ChangeLanguage.swift */,
				1870FD69256E5F22001E60DF /* AppSetting.swift */,
				1870FD64256E5F21001E60DF /* Elections.swift */,
				1870FD65256E5F22001E60DF /* History.swift */,
				1870FD68256E5F22001E60DF /* ideology.swift */,
				1870FD67256E5F22001E60DF /* Party.swift */,
				1870FD66256E5F22001E60DF /* Profile.swift */,
			);
			path = VC;
			sourceTree = "<group>";
		};
		6BEA9112252DD50E00F029C0 /* Multi Language */ = {
			isa = PBXGroup;
			children = (
				6B3D83F625639F5800360C88 /* LocalizationSystem.swift */,
				6B3D83F125639EE500360C88 /* Localizable.strings */,
			);
			path = "Multi Language";
			sourceTree = "<group>";
		};
		6BEA9113252DD52100F029C0 /* Font */ = {
			isa = PBXGroup;
			children = (
				6BDCBD9125417E4A0082AA17 /* Lato-Bold.ttf */,
				6BDCBD9625417E530082AA17 /* Lato-Regular.ttf */,
			);
			path = Font;
			sourceTree = "<group>";
		};
		6BEA9114252DD53200F029C0 /* API Manager */ = {
			isa = PBXGroup;
			children = (
				6BEA911C252DDC1000F029C0 /* APIManager.swift */,
				6BEA911E252DDC4900F029C0 /* APIUrl.swift */,
				6BEA9120252DDC6C00F029C0 /* APIFunctionName.swift */,
			);
			path = "API Manager";
			sourceTree = "<group>";
		};
		6BEA9118252DDB2B00F029C0 /* Cell */ = {
			isa = PBXGroup;
			children = (
				6BDF82402542C8A200E376B9 /* HomeCollectionViewCell.swift */,
				6BDF82452542C8BF00E376B9 /* HomeTableViewCell.swift */,
				6BD098B12563A8D100445189 /* ImageSliderCell.swift */,
				1870FD73256E5F31001E60DF /* ElectionCell.swift */,
			);
			name = Cell;
			path = Cells;
			sourceTree = "<group>";
		};
		6BEA9119252DDB3C00F029C0 /* Extension */ = {
			isa = PBXGroup;
			children = (
				6BEA9122252DDCBA00F029C0 /* TapToDismissKeypad.swift */,
				6BEA9124252DDCD500F029C0 /* ShadowEffectForUIView.swift */,
				6BEA9126252DDCF500F029C0 /* RoundedCornerForUIView.swift */,
				6BEA9128252DDD1900F029C0 /* NavigationBarTitleOnLeftSide.swift */,
				6BEA912A252DDD4300F029C0 /* DateFormatter.swift */,
				6BEA912C252DDD5500F029C0 /* HTMLToString.swift */,
				6BBBA607253460AE00470E96 /* userDefault.swift */,
			);
			path = Extension;
			sourceTree = "<group>";
		};
		6BEA911A252DDB4400F029C0 /* Helper */ = {
			isa = PBXGroup;
			children = (
				6BEA9147252DF0AD00F029C0 /* HMSegmentControl */,
				6BEA912E252DDE9C00F029C0 /* AlertController.swift */,
				6BEA9130252DDFD600F029C0 /* ActivityIndicator.swift */,
				6B369D4425323213001C1F29 /* constants.swift */,
				6B8E491F25335A3C0005B001 /* Reachability.swift */,
				6BBBA60125342CA800470E96 /* GradientColours.swift */,
				6BBBA60325343CA900470E96 /* BottomBorder.swift */,
				6B268EE825596F7F005D0B8F /* GlobalVariables.swift */,
				1870FD78256E5F54001E60DF /* TextFieldWithImage.swift */,
			);
			path = Helper;
			sourceTree = "<group>";
		};
		6BEA9147252DF0AD00F029C0 /* HMSegmentControl */ = {
			isa = PBXGroup;
			children = (
				6BB4426B254AB9F200ADE8C5 /* ViewController.h */,
				6BB4426D254AB9FB00ADE8C5 /* ViewController.m */,
				6BB4426C254AB9FA00ADE8C5 /* SPV-Bridging-Header.h */,
			);
			path = HMSegmentControl;
			sourceTree = "<group>";
		};
		6BED08D8253DA993001E8C0F /* StoryBoards */ = {
			isa = PBXGroup;
			children = (
				6BEA90E4252DCC4E00F029C0 /* Main.storyboard */,
				6BDCBDD625419E7A0082AA17 /* Dashboard.storyboard */,
			);
			path = StoryBoards;
			sourceTree = "<group>";
		};
		FF31AD88EF569BBE65EFC7F4 /* Pods */ = {
			isa = PBXGroup;
			children = (
				D742C3861FD0A1235A866BAD /* Pods-SPV.debug.xcconfig */,
				34FB927C4CC488B8717DAFCE /* Pods-SPV.release.xcconfig */,
			);
			path = Pods;
			sourceTree = "<group>";
		};
/* End PBXGroup section */

/* Begin PBXNativeTarget section */
		6BEA90DA252DCC4E00F029C0 /* SPV */ = {
			isa = PBXNativeTarget;
			buildConfigurationList = 6BEA9105252DCC6D00F029C0 /* Build configuration list for PBXNativeTarget "SPV" */;
			buildPhases = (
				FE9487D209A58BAB4157185E /* [CP] Check Pods Manifest.lock */,
				6BEA90D7252DCC4E00F029C0 /* Sources */,
				6BEA90D8252DCC4E00F029C0 /* Frameworks */,
				6BEA90D9252DCC4E00F029C0 /* Resources */,
				6A61CB6A0296E1F65C948842 /* [CP] Embed Pods Frameworks */,
			);
			buildRules = (
			);
			dependencies = (
			);
			name = SPV;
			productName = SPV;
			productReference = 6BEA90DB252DCC4E00F029C0 /* SPV.app */;
			productType = "com.apple.product-type.application";
		};
		6BEA90F0252DCC6D00F029C0 /* SPVTests */ = {
			isa = PBXNativeTarget;
			buildConfigurationList = 6BEA9108252DCC6D00F029C0 /* Build configuration list for PBXNativeTarget "SPVTests" */;
			buildPhases = (
				6BEA90ED252DCC6D00F029C0 /* Sources */,
				6BEA90EE252DCC6D00F029C0 /* Frameworks */,
				6BEA90EF252DCC6D00F029C0 /* Resources */,
			);
			buildRules = (
			);
			dependencies = (
				6BEA90F3252DCC6D00F029C0 /* PBXTargetDependency */,
			);
			name = SPVTests;
			productName = SPVTests;
			productReference = 6BEA90F1252DCC6D00F029C0 /* SPVTests.xctest */;
			productType = "com.apple.product-type.bundle.unit-test";
		};
		6BEA90FB252DCC6D00F029C0 /* SPVUITests */ = {
			isa = PBXNativeTarget;
			buildConfigurationList = 6BEA910B252DCC6D00F029C0 /* Build configuration list for PBXNativeTarget "SPVUITests" */;
			buildPhases = (
				6BEA90F8252DCC6D00F029C0 /* Sources */,
				6BEA90F9252DCC6D00F029C0 /* Frameworks */,
				6BEA90FA252DCC6D00F029C0 /* Resources */,
			);
			buildRules = (
			);
			dependencies = (
				6BEA90FE252DCC6D00F029C0 /* PBXTargetDependency */,
			);
			name = SPVUITests;
			productName = SPVUITests;
			productReference = 6BEA90FC252DCC6D00F029C0 /* SPVUITests.xctest */;
			productType = "com.apple.product-type.bundle.ui-testing";
		};
/* End PBXNativeTarget section */

/* Begin PBXProject section */
		6BEA90D3252DCC4E00F029C0 /* Project object */ = {
			isa = PBXProject;
			attributes = {
				LastSwiftUpdateCheck = 1150;
				LastUpgradeCheck = 1150;
				ORGANIZATIONNAME = "HappySanz Tech";
				TargetAttributes = {
					6BEA90DA252DCC4E00F029C0 = {
						CreatedOnToolsVersion = 11.5;
						LastSwiftMigration = 1200;
					};
					6BEA90F0252DCC6D00F029C0 = {
						CreatedOnToolsVersion = 11.5;
						TestTargetID = 6BEA90DA252DCC4E00F029C0;
					};
					6BEA90FB252DCC6D00F029C0 = {
						CreatedOnToolsVersion = 11.5;
						TestTargetID = 6BEA90DA252DCC4E00F029C0;
					};
				};
			};
			buildConfigurationList = 6BEA90D6252DCC4E00F029C0 /* Build configuration list for PBXProject "SPV" */;
			compatibilityVersion = "Xcode 9.3";
			developmentRegion = en;
			hasScannedForEncodings = 0;
			knownRegions = (
				en,
				Base,
				ta,
			);
			mainGroup = 6BEA90D2252DCC4E00F029C0;
			productRefGroup = 6BEA90DC252DCC4E00F029C0 /* Products */;
			projectDirPath = "";
			projectRoot = "";
			targets = (
				6BEA90DA252DCC4E00F029C0 /* SPV */,
				6BEA90F0252DCC6D00F029C0 /* SPVTests */,
				6BEA90FB252DCC6D00F029C0 /* SPVUITests */,
			);
		};
/* End PBXProject section */

/* Begin PBXResourcesBuildPhase section */
		6BEA90D9252DCC4E00F029C0 /* Resources */ = {
			isa = PBXResourcesBuildPhase;
			buildActionMask = 2147483647;
			files = (
				6BEA90EB252DCC6C00F029C0 /* LaunchScreen.storyboard in Resources */,
				6BDCBDD725419E7A0082AA17 /* Dashboard.storyboard in Resources */,
				6BEA90E8252DCC6C00F029C0 /* Assets.xcassets in Resources */,
				6B3D83EF25639EE500360C88 /* Localizable.strings in Resources */,
				6BDCBD9725417E530082AA17 /* Lato-Regular.ttf in Resources */,
				6BEA90E6252DCC4E00F029C0 /* Main.storyboard in Resources */,
				6BDCBD9225417E4A0082AA17 /* Lato-Bold.ttf in Resources */,
			);
			runOnlyForDeploymentPostprocessing = 0;
		};
		6BEA90EF252DCC6D00F029C0 /* Resources */ = {
			isa = PBXResourcesBuildPhase;
			buildActionMask = 2147483647;
			files = (
			);
			runOnlyForDeploymentPostprocessing = 0;
		};
		6BEA90FA252DCC6D00F029C0 /* Resources */ = {
			isa = PBXResourcesBuildPhase;
			buildActionMask = 2147483647;
			files = (
			);
			runOnlyForDeploymentPostprocessing = 0;
		};
/* End PBXResourcesBuildPhase section */

/* Begin PBXShellScriptBuildPhase section */
		6A61CB6A0296E1F65C948842 /* [CP] Embed Pods Frameworks */ = {
			isa = PBXShellScriptBuildPhase;
			buildActionMask = 2147483647;
			files = (
			);
			inputFileListPaths = (
				"${PODS_ROOT}/Target Support Files/Pods-SPV/Pods-SPV-frameworks-${CONFIGURATION}-input-files.xcfilelist",
			);
			name = "[CP] Embed Pods Frameworks";
			outputFileListPaths = (
				"${PODS_ROOT}/Target Support Files/Pods-SPV/Pods-SPV-frameworks-${CONFIGURATION}-output-files.xcfilelist",
			);
			runOnlyForDeploymentPostprocessing = 0;
			shellPath = /bin/sh;
			shellScript = "\"${PODS_ROOT}/Target Support Files/Pods-SPV/Pods-SPV-frameworks.sh\"\n";
			showEnvVarsInLog = 0;
		};
		FE9487D209A58BAB4157185E /* [CP] Check Pods Manifest.lock */ = {
			isa = PBXShellScriptBuildPhase;
			buildActionMask = 2147483647;
			files = (
			);
			inputFileListPaths = (
			);
			inputPaths = (
				"${PODS_PODFILE_DIR_PATH}/Podfile.lock",
				"${PODS_ROOT}/Manifest.lock",
			);
			name = "[CP] Check Pods Manifest.lock";
			outputFileListPaths = (
			);
			outputPaths = (
				"$(DERIVED_FILE_DIR)/Pods-SPV-checkManifestLockResult.txt",
			);
			runOnlyForDeploymentPostprocessing = 0;
			shellPath = /bin/sh;
			shellScript = "diff \"${PODS_PODFILE_DIR_PATH}/Podfile.lock\" \"${PODS_ROOT}/Manifest.lock\" > /dev/null\nif [ $? != 0 ] ; then\n    # print error to STDERR\n    echo \"error: The sandbox is not in sync with the Podfile.lock. Run 'pod install' or update your CocoaPods installation.\" >&2\n    exit 1\nfi\n# This output is used by Xcode 'outputs' to avoid re-running this script phase.\necho \"SUCCESS\" > \"${SCRIPT_OUTPUT_FILE_0}\"\n";
			showEnvVarsInLog = 0;
		};
/* End PBXShellScriptBuildPhase section */

/* Begin PBXSourcesBuildPhase section */
		6BEA90D7252DCC4E00F029C0 /* Sources */ = {
			isa = PBXSourcesBuildPhase;
			buildActionMask = 2147483647;
			files = (
				6BBBA60425343CAA00470E96 /* BottomBorder.swift in Sources */,
				6B3D83F725639F5800360C88 /* LocalizationSystem.swift in Sources */,
				6BD098B22563A8D200445189 /* ImageSliderCell.swift in Sources */,
				1870FD54256E5EF4001E60DF /* ProfilePicUploadService.swift in Sources */,
				1870FD60256E5F06001E60DF /* ElectionPresenter.swift in Sources */,
				1870FD5F256E5F06001E60DF /* ProfilePicUploadPresenter.swift in Sources */,
				1870FD48256E5EDC001E60DF /* profileUpdate.swift in Sources */,
				6BEA911F252DDC4900F029C0 /* APIUrl.swift in Sources */,
				1870FD74256E5F31001E60DF /* ElectionCell.swift in Sources */,
				1870FD6F256E5F22001E60DF /* AppSetting.swift in Sources */,
				6B268EF62559743D005D0B8F /* NewsFeedServices.swift in Sources */,
				6BD500DF25494DA800A0BA2D /* HomeModel.swift in Sources */,
				1870FD6D256E5F22001E60DF /* Party.swift in Sources */,
				6BEA9125252DDCD500F029C0 /* ShadowEffectForUIView.swift in Sources */,
				1870FD5E256E5F06001E60DF /* profilePresenter.swift in Sources */,
				6BEA9123252DDCBA00F029C0 /* TapToDismissKeypad.swift in Sources */,
				6BBBA608253460AE00470E96 /* userDefault.swift in Sources */,
				6BDF82412542C8A200E376B9 /* HomeCollectionViewCell.swift in Sources */,
				6B3D83D72563958F00360C88 /* HomePageDetail.swift in Sources */,
				6B0E2AC32531CED80032ED45 /* loginService.swift in Sources */,
				1870FD6C256E5F22001E60DF /* Profile.swift in Sources */,
				6BDF82462542C8BF00E376B9 /* HomeTableViewCell.swift in Sources */,
				6B369D4325323011001C1F29 /* loginPresenter.swift in Sources */,
				6BF03D1D255D288600F7ADEC /* SocialMediaService.swift in Sources */,
				6B3D83E625639A8600360C88 /* HomePageDetailPresenter.swift in Sources */,
				6BEA911D252DDC1000F029C0 /* APIManager.swift in Sources */,
				6B268EE425596B93005D0B8F /* NewsFeedPresenter.swift in Sources */,
				6BEA9131252DDFD600F029C0 /* ActivityIndicator.swift in Sources */,
				6BEA912D252DDD5500F029C0 /* HTMLToString.swift in Sources */,
				1870FD4A256E5EDC001E60DF /* profileModel.swift in Sources */,
				6BF03D0E255D1B6700F7ADEC /* SocialInitiatives.swift in Sources */,
				6B8E492625336F670005B001 /* otpPresenter.swift in Sources */,
				6BBBA60225342CA900470E96 /* GradientColours.swift in Sources */,
				6BDF824B2542CC0600E376B9 /* Home.swift in Sources */,
				1870FD55256E5EF4001E60DF /* ElectionService.swift in Sources */,
				6BF03D09255D1B2900F7ADEC /* Events.swift in Sources */,
				6BD098C12563B3DC00445189 /* ChangeLanguage.swift in Sources */,
				6B268EDA25596AED005D0B8F /* NewsFeedModel.swift in Sources */,
				1870FD47256E5EDC001E60DF /* ProfilePicUploadModel.swift in Sources */,
				6B3D83E125639A6D00360C88 /* HomePageDetailServices.swift in Sources */,
				1870FD52256E5EF4001E60DF /* profileService.swift in Sources */,
				6B268EE925596F7F005D0B8F /* GlobalVariables.swift in Sources */,
				6B369D3E25321257001C1F29 /* login.swift in Sources */,
				6B3D83DC25639A4800360C88 /* HomePageDetailModel.swift in Sources */,
				6BB4426E254AB9FB00ADE8C5 /* ViewController.m in Sources */,
				1870FD49256E5EDC001E60DF /* ElectionModel.swift in Sources */,
				6BBBA60625344C2C00470E96 /* blog.swift in Sources */,
				6BEA912B252DDD4300F029C0 /* DateFormatter.swift in Sources */,
				1870FD5D256E5F06001E60DF /* presenterUpdateService.swift in Sources */,
				6BEA9129252DDD1900F029C0 /* NavigationBarTitleOnLeftSide.swift in Sources */,
				6BEA9121252DDC6C00F029C0 /* APIFunctionName.swift in Sources */,
				6BEA90DF252DCC4E00F029C0 /* AppDelegate.swift in Sources */,
				6BEA9127252DDCF500F029C0 /* RoundedCornerForUIView.swift in Sources */,
				6BD500E425494DBB00A0BA2D /* HomeServices.swift in Sources */,
				1870FD6B256E5F22001E60DF /* History.swift in Sources */,
				6BEA912F252DDE9C00F029C0 /* AlertController.swift in Sources */,
				6B369D4525323213001C1F29 /* constants.swift in Sources */,
				6BF03D18255D26CD00F7ADEC /* SocilaMediaModel.swift in Sources */,
				6B8E492025335A3D0005B001 /* Reachability.swift in Sources */,
				6BD500E925494DD000A0BA2D /* HomePresenter.swift in Sources */,
				6B369D422532214E001C1F29 /* otp.swift in Sources */,
				1870FD6A256E5F22001E60DF /* Elections.swift in Sources */,
				6BB4425D254AA4E600ADE8C5 /* News.swift in Sources */,
				6BDCBDEA2541A8140082AA17 /* TabbarController.swift in Sources */,
				6B8E492225336F300005B001 /* otpModel.swift in Sources */,
				1870FD53256E5EF4001E60DF /* ProfileUpdateService.swift in Sources */,
				6BEA90E1252DCC4E00F029C0 /* SceneDelegate.swift in Sources */,
				6B369D40253212F6001C1F29 /* loginModel.swift in Sources */,
				6BF03D22255D28DA00F7ADEC /* SocialMediaPresenter.swift in Sources */,
				1870FD79256E5F54001E60DF /* TextFieldWithImage.swift in Sources */,
				1870FD6E256E5F22001E60DF /* ideology.swift in Sources */,
				6B8E492425336F4B0005B001 /* otpService.swift in Sources */,
				6BF03D13255D1B7A00F7ADEC /* SocilaMedia.swift in Sources */,
			);
			runOnlyForDeploymentPostprocessing = 0;
		};
		6BEA90ED252DCC6D00F029C0 /* Sources */ = {
			isa = PBXSourcesBuildPhase;
			buildActionMask = 2147483647;
			files = (
				6BEA90F6252DCC6D00F029C0 /* SPVTests.swift in Sources */,
			);
			runOnlyForDeploymentPostprocessing = 0;
		};
		6BEA90F8252DCC6D00F029C0 /* Sources */ = {
			isa = PBXSourcesBuildPhase;
			buildActionMask = 2147483647;
			files = (
				6BEA9101252DCC6D00F029C0 /* SPVUITests.swift in Sources */,
			);
			runOnlyForDeploymentPostprocessing = 0;
		};
/* End PBXSourcesBuildPhase section */

/* Begin PBXTargetDependency section */
		6BEA90F3252DCC6D00F029C0 /* PBXTargetDependency */ = {
			isa = PBXTargetDependency;
			target = 6BEA90DA252DCC4E00F029C0 /* SPV */;
			targetProxy = 6BEA90F2252DCC6D00F029C0 /* PBXContainerItemProxy */;
		};
		6BEA90FE252DCC6D00F029C0 /* PBXTargetDependency */ = {
			isa = PBXTargetDependency;
			target = 6BEA90DA252DCC4E00F029C0 /* SPV */;
			targetProxy = 6BEA90FD252DCC6D00F029C0 /* PBXContainerItemProxy */;
		};
/* End PBXTargetDependency section */

/* Begin PBXVariantGroup section */
		6B3D83F125639EE500360C88 /* Localizable.strings */ = {
			isa = PBXVariantGroup;
			children = (
				6B3D83F025639EE500360C88 /* en */,
				6B3D83F225639EE700360C88 /* ta */,
			);
			name = Localizable.strings;
			sourceTree = "<group>";
		};
		6BEA90E4252DCC4E00F029C0 /* Main.storyboard */ = {
			isa = PBXVariantGroup;
			children = (
				6BEA90E5252DCC4E00F029C0 /* Base */,
			);
			name = Main.storyboard;
			sourceTree = "<group>";
		};
		6BEA90E9252DCC6C00F029C0 /* LaunchScreen.storyboard */ = {
			isa = PBXVariantGroup;
			children = (
				6BEA90EA252DCC6C00F029C0 /* Base */,
			);
			name = LaunchScreen.storyboard;
			sourceTree = "<group>";
		};
/* End PBXVariantGroup section */

/* Begin XCBuildConfiguration section */
		6BEA9103252DCC6D00F029C0 /* Debug */ = {
			isa = XCBuildConfiguration;
			buildSettings = {
				ALWAYS_SEARCH_USER_PATHS = NO;
				CLANG_ANALYZER_NONNULL = YES;
				CLANG_ANALYZER_NUMBER_OBJECT_CONVERSION = YES_AGGRESSIVE;
				CLANG_CXX_LANGUAGE_STANDARD = "gnu++14";
				CLANG_CXX_LIBRARY = "libc++";
				CLANG_ENABLE_MODULES = YES;
				CLANG_ENABLE_OBJC_ARC = YES;
				CLANG_ENABLE_OBJC_WEAK = YES;
				CLANG_WARN_BLOCK_CAPTURE_AUTORELEASING = YES;
				CLANG_WARN_BOOL_CONVERSION = YES;
				CLANG_WARN_COMMA = YES;
				CLANG_WARN_CONSTANT_CONVERSION = YES;
				CLANG_WARN_DEPRECATED_OBJC_IMPLEMENTATIONS = YES;
				CLANG_WARN_DIRECT_OBJC_ISA_USAGE = YES_ERROR;
				CLANG_WARN_DOCUMENTATION_COMMENTS = YES;
				CLANG_WARN_EMPTY_BODY = YES;
				CLANG_WARN_ENUM_CONVERSION = YES;
				CLANG_WARN_INFINITE_RECURSION = YES;
				CLANG_WARN_INT_CONVERSION = YES;
				CLANG_WARN_NON_LITERAL_NULL_CONVERSION = YES;
				CLANG_WARN_OBJC_IMPLICIT_RETAIN_SELF = YES;
				CLANG_WARN_OBJC_LITERAL_CONVERSION = YES;
				CLANG_WARN_OBJC_ROOT_CLASS = YES_ERROR;
				CLANG_WARN_RANGE_LOOP_ANALYSIS = YES;
				CLANG_WARN_STRICT_PROTOTYPES = YES;
				CLANG_WARN_SUSPICIOUS_MOVE = YES;
				CLANG_WARN_UNGUARDED_AVAILABILITY = YES_AGGRESSIVE;
				CLANG_WARN_UNREACHABLE_CODE = YES;
				CLANG_WARN__DUPLICATE_METHOD_MATCH = YES;
				COPY_PHASE_STRIP = NO;
				DEBUG_INFORMATION_FORMAT = dwarf;
				ENABLE_STRICT_OBJC_MSGSEND = YES;
				ENABLE_TESTABILITY = YES;
				GCC_C_LANGUAGE_STANDARD = gnu11;
				GCC_DYNAMIC_NO_PIC = NO;
				GCC_NO_COMMON_BLOCKS = YES;
				GCC_OPTIMIZATION_LEVEL = 0;
				GCC_PREPROCESSOR_DEFINITIONS = (
					"DEBUG=1",
					"$(inherited)",
				);
				GCC_WARN_64_TO_32_BIT_CONVERSION = YES;
				GCC_WARN_ABOUT_RETURN_TYPE = YES_ERROR;
				GCC_WARN_UNDECLARED_SELECTOR = YES;
				GCC_WARN_UNINITIALIZED_AUTOS = YES_AGGRESSIVE;
				GCC_WARN_UNUSED_FUNCTION = YES;
				GCC_WARN_UNUSED_VARIABLE = YES;
				IPHONEOS_DEPLOYMENT_TARGET = 13.5;
				MTL_ENABLE_DEBUG_INFO = INCLUDE_SOURCE;
				MTL_FAST_MATH = YES;
				ONLY_ACTIVE_ARCH = YES;
				SDKROOT = iphoneos;
				SWIFT_ACTIVE_COMPILATION_CONDITIONS = DEBUG;
				SWIFT_OPTIMIZATION_LEVEL = "-Onone";
			};
			name = Debug;
		};
		6BEA9104252DCC6D00F029C0 /* Release */ = {
			isa = XCBuildConfiguration;
			buildSettings = {
				ALWAYS_SEARCH_USER_PATHS = NO;
				CLANG_ANALYZER_NONNULL = YES;
				CLANG_ANALYZER_NUMBER_OBJECT_CONVERSION = YES_AGGRESSIVE;
				CLANG_CXX_LANGUAGE_STANDARD = "gnu++14";
				CLANG_CXX_LIBRARY = "libc++";
				CLANG_ENABLE_MODULES = YES;
				CLANG_ENABLE_OBJC_ARC = YES;
				CLANG_ENABLE_OBJC_WEAK = YES;
				CLANG_WARN_BLOCK_CAPTURE_AUTORELEASING = YES;
				CLANG_WARN_BOOL_CONVERSION = YES;
				CLANG_WARN_COMMA = YES;
				CLANG_WARN_CONSTANT_CONVERSION = YES;
				CLANG_WARN_DEPRECATED_OBJC_IMPLEMENTATIONS = YES;
				CLANG_WARN_DIRECT_OBJC_ISA_USAGE = YES_ERROR;
				CLANG_WARN_DOCUMENTATION_COMMENTS = YES;
				CLANG_WARN_EMPTY_BODY = YES;
				CLANG_WARN_ENUM_CONVERSION = YES;
				CLANG_WARN_INFINITE_RECURSION = YES;
				CLANG_WARN_INT_CONVERSION = YES;
				CLANG_WARN_NON_LITERAL_NULL_CONVERSION = YES;
				CLANG_WARN_OBJC_IMPLICIT_RETAIN_SELF = YES;
				CLANG_WARN_OBJC_LITERAL_CONVERSION = YES;
				CLANG_WARN_OBJC_ROOT_CLASS = YES_ERROR;
				CLANG_WARN_RANGE_LOOP_ANALYSIS = YES;
				CLANG_WARN_STRICT_PROTOTYPES = YES;
				CLANG_WARN_SUSPICIOUS_MOVE = YES;
				CLANG_WARN_UNGUARDED_AVAILABILITY = YES_AGGRESSIVE;
				CLANG_WARN_UNREACHABLE_CODE = YES;
				CLANG_WARN__DUPLICATE_METHOD_MATCH = YES;
				COPY_PHASE_STRIP = NO;
				DEBUG_INFORMATION_FORMAT = "dwarf-with-dsym";
				ENABLE_NS_ASSERTIONS = NO;
				ENABLE_STRICT_OBJC_MSGSEND = YES;
				GCC_C_LANGUAGE_STANDARD = gnu11;
				GCC_NO_COMMON_BLOCKS = YES;
				GCC_WARN_64_TO_32_BIT_CONVERSION = YES;
				GCC_WARN_ABOUT_RETURN_TYPE = YES_ERROR;
				GCC_WARN_UNDECLARED_SELECTOR = YES;
				GCC_WARN_UNINITIALIZED_AUTOS = YES_AGGRESSIVE;
				GCC_WARN_UNUSED_FUNCTION = YES;
				GCC_WARN_UNUSED_VARIABLE = YES;
				IPHONEOS_DEPLOYMENT_TARGET = 13.5;
				MTL_ENABLE_DEBUG_INFO = NO;
				MTL_FAST_MATH = YES;
				SDKROOT = iphoneos;
				SWIFT_COMPILATION_MODE = wholemodule;
				SWIFT_OPTIMIZATION_LEVEL = "-O";
				VALIDATE_PRODUCT = YES;
			};
			name = Release;
		};
		6BEA9106252DCC6D00F029C0 /* Debug */ = {
			isa = XCBuildConfiguration;
			baseConfigurationReference = D742C3861FD0A1235A866BAD /* Pods-SPV.debug.xcconfig */;
			buildSettings = {
				ASSETCATALOG_COMPILER_APPICON_NAME = AppIcon;
				CLANG_ENABLE_MODULES = YES;
				CODE_SIGN_IDENTITY = "Apple Development";
				CODE_SIGN_STYLE = Automatic;
				DEVELOPMENT_TEAM = 6V986NC4N5;
				INFOPLIST_FILE = SPV/Info.plist;
				IPHONEOS_DEPLOYMENT_TARGET = 12.4;
				LD_RUNPATH_SEARCH_PATHS = (
					"$(inherited)",
					"@executable_path/Frameworks",
				);
				"OTHER_LDFLAGS[arch=*]" = (
					"$(inherited)",
					"-framework",
					"\"Alamofire\"",
					"-framework",
					"\"CoreGraphics\"",
					"-framework",
					"\"Foundation\"",
					"-framework",
					"\"HMSegmentedControl\"",
					"-framework",
					"\"IQKeyboardManagerSwift\"",
					"-framework",
					"\"ImageIO\"",
					"-framework",
					"\"QuartzCore\"",
					"-framework",
					"\"SDWebImage\"",
					"-framework",
					"\"SwiftyJSON\"",
					"-framework",
					"\"UIKit\"",
					"-framework",
					"\"YoutubePlayer_in_WKWebView\"",
				);
				PRODUCT_BUNDLE_IDENTIFIER = com.hst.SPV;
				PRODUCT_NAME = "$(TARGET_NAME)";
				PROVISIONING_PROFILE_SPECIFIER = "";
				SWIFT_OBJC_BRIDGING_HEADER = "SPV/Helper/HMSegmentControl/SPV-Bridging-Header.h";
				SWIFT_OPTIMIZATION_LEVEL = "-Onone";
				SWIFT_VERSION = 5.0;
				TARGETED_DEVICE_FAMILY = "1,2";
			};
			name = Debug;
		};
		6BEA9107252DCC6D00F029C0 /* Release */ = {
			isa = XCBuildConfiguration;
			baseConfigurationReference = 34FB927C4CC488B8717DAFCE /* Pods-SPV.release.xcconfig */;
			buildSettings = {
				ASSETCATALOG_COMPILER_APPICON_NAME = AppIcon;
				CLANG_ENABLE_MODULES = YES;
				CODE_SIGN_IDENTITY = "Apple Development";
				CODE_SIGN_STYLE = Automatic;
				DEVELOPMENT_TEAM = 6V986NC4N5;
				INFOPLIST_FILE = SPV/Info.plist;
				IPHONEOS_DEPLOYMENT_TARGET = 12.4;
				LD_RUNPATH_SEARCH_PATHS = (
					"$(inherited)",
					"@executable_path/Frameworks",
				);
				PRODUCT_BUNDLE_IDENTIFIER = com.hst.SPV;
				PRODUCT_NAME = "$(TARGET_NAME)";
				PROVISIONING_PROFILE_SPECIFIER = "";
				SWIFT_OBJC_BRIDGING_HEADER = "SPV/Helper/HMSegmentControl/SPV-Bridging-Header.h";
				SWIFT_VERSION = 5.0;
				TARGETED_DEVICE_FAMILY = "1,2";
			};
			name = Release;
		};
		6BEA9109252DCC6D00F029C0 /* Debug */ = {
			isa = XCBuildConfiguration;
			buildSettings = {
				ALWAYS_EMBED_SWIFT_STANDARD_LIBRARIES = YES;
				BUNDLE_LOADER = "$(TEST_HOST)";
				CODE_SIGN_STYLE = Automatic;
				DEVELOPMENT_TEAM = 6V986NC4N5;
				INFOPLIST_FILE = SPVTests/Info.plist;
				IPHONEOS_DEPLOYMENT_TARGET = 13.5;
				LD_RUNPATH_SEARCH_PATHS = (
					"$(inherited)",
					"@executable_path/Frameworks",
					"@loader_path/Frameworks",
				);
				PRODUCT_BUNDLE_IDENTIFIER = com.hst.SPVTests;
				PRODUCT_NAME = "$(TARGET_NAME)";
				SWIFT_VERSION = 5.0;
				TARGETED_DEVICE_FAMILY = "1,2";
				TEST_HOST = "$(BUILT_PRODUCTS_DIR)/SPV.app/SPV";
			};
			name = Debug;
		};
		6BEA910A252DCC6D00F029C0 /* Release */ = {
			isa = XCBuildConfiguration;
			buildSettings = {
				ALWAYS_EMBED_SWIFT_STANDARD_LIBRARIES = YES;
				BUNDLE_LOADER = "$(TEST_HOST)";
				CODE_SIGN_STYLE = Automatic;
				DEVELOPMENT_TEAM = 6V986NC4N5;
				INFOPLIST_FILE = SPVTests/Info.plist;
				IPHONEOS_DEPLOYMENT_TARGET = 13.5;
				LD_RUNPATH_SEARCH_PATHS = (
					"$(inherited)",
					"@executable_path/Frameworks",
					"@loader_path/Frameworks",
				);
				PRODUCT_BUNDLE_IDENTIFIER = com.hst.SPVTests;
				PRODUCT_NAME = "$(TARGET_NAME)";
				SWIFT_VERSION = 5.0;
				TARGETED_DEVICE_FAMILY = "1,2";
				TEST_HOST = "$(BUILT_PRODUCTS_DIR)/SPV.app/SPV";
			};
			name = Release;
		};
		6BEA910C252DCC6D00F029C0 /* Debug */ = {
			isa = XCBuildConfiguration;
			buildSettings = {
				ALWAYS_EMBED_SWIFT_STANDARD_LIBRARIES = YES;
				CODE_SIGN_STYLE = Automatic;
				DEVELOPMENT_TEAM = 6V986NC4N5;
				INFOPLIST_FILE = SPVUITests/Info.plist;
				LD_RUNPATH_SEARCH_PATHS = (
					"$(inherited)",
					"@executable_path/Frameworks",
					"@loader_path/Frameworks",
				);
				PRODUCT_BUNDLE_IDENTIFIER = com.hst.SPVUITests;
				PRODUCT_NAME = "$(TARGET_NAME)";
				SWIFT_VERSION = 5.0;
				TARGETED_DEVICE_FAMILY = "1,2";
				TEST_TARGET_NAME = SPV;
			};
			name = Debug;
		};
		6BEA910D252DCC6D00F029C0 /* Release */ = {
			isa = XCBuildConfiguration;
			buildSettings = {
				ALWAYS_EMBED_SWIFT_STANDARD_LIBRARIES = YES;
				CODE_SIGN_STYLE = Automatic;
				DEVELOPMENT_TEAM = 6V986NC4N5;
				INFOPLIST_FILE = SPVUITests/Info.plist;
				LD_RUNPATH_SEARCH_PATHS = (
					"$(inherited)",
					"@executable_path/Frameworks",
					"@loader_path/Frameworks",
				);
				PRODUCT_BUNDLE_IDENTIFIER = com.hst.SPVUITests;
				PRODUCT_NAME = "$(TARGET_NAME)";
				SWIFT_VERSION = 5.0;
				TARGETED_DEVICE_FAMILY = "1,2";
				TEST_TARGET_NAME = SPV;
			};
			name = Release;
		};
/* End XCBuildConfiguration section */

/* Begin XCConfigurationList section */
		6BEA90D6252DCC4E00F029C0 /* Build configuration list for PBXProject "SPV" */ = {
			isa = XCConfigurationList;
			buildConfigurations = (
				6BEA9103252DCC6D00F029C0 /* Debug */,
				6BEA9104252DCC6D00F029C0 /* Release */,
			);
			defaultConfigurationIsVisible = 0;
			defaultConfigurationName = Release;
		};
		6BEA9105252DCC6D00F029C0 /* Build configuration list for PBXNativeTarget "SPV" */ = {
			isa = XCConfigurationList;
			buildConfigurations = (
				6BEA9106252DCC6D00F029C0 /* Debug */,
				6BEA9107252DCC6D00F029C0 /* Release */,
			);
			defaultConfigurationIsVisible = 0;
			defaultConfigurationName = Release;
		};
		6BEA9108252DCC6D00F029C0 /* Build configuration list for PBXNativeTarget "SPVTests" */ = {
			isa = XCConfigurationList;
			buildConfigurations = (
				6BEA9109252DCC6D00F029C0 /* Debug */,
				6BEA910A252DCC6D00F029C0 /* Release */,
			);
			defaultConfigurationIsVisible = 0;
			defaultConfigurationName = Release;
		};
		6BEA910B252DCC6D00F029C0 /* Build configuration list for PBXNativeTarget "SPVUITests" */ = {
			isa = XCConfigurationList;
			buildConfigurations = (
				6BEA910C252DCC6D00F029C0 /* Debug */,
				6BEA910D252DCC6D00F029C0 /* Release */,
			);
			defaultConfigurationIsVisible = 0;
			defaultConfigurationName = Release;
		};
/* End XCConfigurationList section */
	};
	rootObject = 6BEA90D3252DCC4E00F029C0 /* Project object */;
}
