// !$*UTF8*$!
{
	archiveVersion = 1;
	classes = {
	};
	objectVersion = 51;
	objects = {

/* Begin PBXBuildFile section */
		478C663790F745A5A4A872AF /* Pods_SPV.framework in Frameworks */ = {isa = PBXBuildFile; fileRef = 05F36DCB3F859B52E36512BF /* Pods_SPV.framework */; };
		6B0E2AC32531CED80032ED45 /* loginService.swift in Sources */ = {isa = PBXBuildFile; fileRef = 6B0E2AC22531CED80032ED45 /* loginService.swift */; };
		6B369D3E25321257001C1F29 /* login.swift in Sources */ = {isa = PBXBuildFile; fileRef = 6B369D3D25321256001C1F29 /* login.swift */; };
		6B369D40253212F6001C1F29 /* loginModel.swift in Sources */ = {isa = PBXBuildFile; fileRef = 6B369D3F253212F6001C1F29 /* loginModel.swift */; };
		6B369D422532214E001C1F29 /* otp.swift in Sources */ = {isa = PBXBuildFile; fileRef = 6B369D412532214E001C1F29 /* otp.swift */; };
		6B369D4325323011001C1F29 /* loginPresenter.swift in Sources */ = {isa = PBXBuildFile; fileRef = 6B0E2AC12531CED10032ED45 /* loginPresenter.swift */; };
		6B369D4525323213001C1F29 /* constants.swift in Sources */ = {isa = PBXBuildFile; fileRef = 6B369D4425323213001C1F29 /* constants.swift */; };
		6B8E492025335A3D0005B001 /* Reachability.swift in Sources */ = {isa = PBXBuildFile; fileRef = 6B8E491F25335A3C0005B001 /* Reachability.swift */; };
		6B8E492225336F300005B001 /* otpModel.swift in Sources */ = {isa = PBXBuildFile; fileRef = 6B8E492125336F300005B001 /* otpModel.swift */; };
		6B8E492425336F4B0005B001 /* otpService.swift in Sources */ = {isa = PBXBuildFile; fileRef = 6B8E492325336F4B0005B001 /* otpService.swift */; };
		6B8E492625336F670005B001 /* otpPresenter.swift in Sources */ = {isa = PBXBuildFile; fileRef = 6B8E492525336F670005B001 /* otpPresenter.swift */; };
		6BBBA60225342CA900470E96 /* GradientColours.swift in Sources */ = {isa = PBXBuildFile; fileRef = 6BBBA60125342CA800470E96 /* GradientColours.swift */; };
		6BBBA60425343CAA00470E96 /* BottomBorder.swift in Sources */ = {isa = PBXBuildFile; fileRef = 6BBBA60325343CA900470E96 /* BottomBorder.swift */; };
		6BBBA60625344C2C00470E96 /* blog.swift in Sources */ = {isa = PBXBuildFile; fileRef = 6BBBA60525344C2B00470E96 /* blog.swift */; };
		6BBBA608253460AE00470E96 /* userDefault.swift in Sources */ = {isa = PBXBuildFile; fileRef = 6BBBA607253460AE00470E96 /* userDefault.swift */; };
		6BDCBD9225417E4A0082AA17 /* Lato-Bold.ttf in Resources */ = {isa = PBXBuildFile; fileRef = 6BDCBD9125417E4A0082AA17 /* Lato-Bold.ttf */; };
		6BDCBD9725417E530082AA17 /* Lato-Regular.ttf in Resources */ = {isa = PBXBuildFile; fileRef = 6BDCBD9625417E530082AA17 /* Lato-Regular.ttf */; };
		6BDCBDD725419E7A0082AA17 /* Dashboard.storyboard in Resources */ = {isa = PBXBuildFile; fileRef = 6BDCBDD625419E7A0082AA17 /* Dashboard.storyboard */; };
		6BDCBDEA2541A8140082AA17 /* TabbarController.swift in Sources */ = {isa = PBXBuildFile; fileRef = 6BDCBDE92541A8140082AA17 /* TabbarController.swift */; };
		6BEA90DF252DCC4E00F029C0 /* AppDelegate.swift in Sources */ = {isa = PBXBuildFile; fileRef = 6BEA90DE252DCC4E00F029C0 /* AppDelegate.swift */; };
		6BEA90E1252DCC4E00F029C0 /* SceneDelegate.swift in Sources */ = {isa = PBXBuildFile; fileRef = 6BEA90E0252DCC4E00F029C0 /* SceneDelegate.swift */; };
		6BEA90E6252DCC4E00F029C0 /* Main.storyboard in Resources */ = {isa = PBXBuildFile; fileRef = 6BEA90E4252DCC4E00F029C0 /* Main.storyboard */; };
		6BEA90E8252DCC6C00F029C0 /* Assets.xcassets in Resources */ = {isa = PBXBuildFile; fileRef = 6BEA90E7252DCC6C00F029C0 /* Assets.xcassets */; };
		6BEA90EB252DCC6C00F029C0 /* LaunchScreen.storyboard in Resources */ = {isa = PBXBuildFile; fileRef = 6BEA90E9252DCC6C00F029C0 /* LaunchScreen.storyboard */; };
		6BEA90F6252DCC6D00F029C0 /* SPVTests.swift in Sources */ = {isa = PBXBuildFile; fileRef = 6BEA90F5252DCC6D00F029C0 /* SPVTests.swift */; };
		6BEA9101252DCC6D00F029C0 /* SPVUITests.swift in Sources */ = {isa = PBXBuildFile; fileRef = 6BEA9100252DCC6D00F029C0 /* SPVUITests.swift */; };
		6BEA911D252DDC1000F029C0 /* APIManager.swift in Sources */ = {isa = PBXBuildFile; fileRef = 6BEA911C252DDC1000F029C0 /* APIManager.swift */; };
		6BEA911F252DDC4900F029C0 /* APIUrl.swift in Sources */ = {isa = PBXBuildFile; fileRef = 6BEA911E252DDC4900F029C0 /* APIUrl.swift */; };
		6BEA9121252DDC6C00F029C0 /* APIFunctionName.swift in Sources */ = {isa = PBXBuildFile; fileRef = 6BEA9120252DDC6C00F029C0 /* APIFunctionName.swift */; };
		6BEA9123252DDCBA00F029C0 /* TapToDismissKeypad.swift in Sources */ = {isa = PBXBuildFile; fileRef = 6BEA9122252DDCBA00F029C0 /* TapToDismissKeypad.swift */; };
		6BEA9125252DDCD500F029C0 /* ShadowEffectForUIView.swift in Sources */ = {isa = PBXBuildFile; fileRef = 6BEA9124252DDCD500F029C0 /* ShadowEffectForUIView.swift */; };
		6BEA9127252DDCF500F029C0 /* RoundedCornerForUIView.swift in Sources */ = {isa = PBXBuildFile; fileRef = 6BEA9126252DDCF500F029C0 /* RoundedCornerForUIView.swift */; };
		6BEA9129252DDD1900F029C0 /* NavigationBarTitleOnLeftSide.swift in Sources */ = {isa = PBXBuildFile; fileRef = 6BEA9128252DDD1900F029C0 /* NavigationBarTitleOnLeftSide.swift */; };
		6BEA912B252DDD4300F029C0 /* DateFormatter.swift in Sources */ = {isa = PBXBuildFile; fileRef = 6BEA912A252DDD4300F029C0 /* DateFormatter.swift */; };
		6BEA912D252DDD5500F029C0 /* HTMLToString.swift in Sources */ = {isa = PBXBuildFile; fileRef = 6BEA912C252DDD5500F029C0 /* HTMLToString.swift */; };
		6BEA912F252DDE9C00F029C0 /* AlertController.swift in Sources */ = {isa = PBXBuildFile; fileRef = 6BEA912E252DDE9C00F029C0 /* AlertController.swift */; };
		6BEA9131252DDFD600F029C0 /* ActivityIndicator.swift in Sources */ = {isa = PBXBuildFile; fileRef = 6BEA9130252DDFD600F029C0 /* ActivityIndicator.swift */; };
		6BEA9133252DE00200F029C0 /* LocalizationSystem.swift in Sources */ = {isa = PBXBuildFile; fileRef = 6BEA9132252DE00200F029C0 /* LocalizationSystem.swift */; };
/* End PBXBuildFile section */

/* Begin PBXContainerItemProxy section */
		6BEA90F2252DCC6D00F029C0 /* PBXContainerItemProxy */ = {
			isa = PBXContainerItemProxy;
			containerPortal = 6BEA90D3252DCC4E00F029C0 /* Project object */;
			proxyType = 1;
			remoteGlobalIDString = 6BEA90DA252DCC4E00F029C0;
			remoteInfo = SPV;
		};
		6BEA90FD252DCC6D00F029C0 /* PBXContainerItemProxy */ = {
			isa = PBXContainerItemProxy;
			containerPortal = 6BEA90D3252DCC4E00F029C0 /* Project object */;
			proxyType = 1;
			remoteGlobalIDString = 6BEA90DA252DCC4E00F029C0;
			remoteInfo = SPV;
		};
/* End PBXContainerItemProxy section */

/* Begin PBXFileReference section */
		05F36DCB3F859B52E36512BF /* Pods_SPV.framework */ = {isa = PBXFileReference; explicitFileType = wrapper.framework; includeInIndex = 0; path = Pods_SPV.framework; sourceTree = BUILT_PRODUCTS_DIR; };
		34FB927C4CC488B8717DAFCE /* Pods-SPV.release.xcconfig */ = {isa = PBXFileReference; includeInIndex = 1; lastKnownFileType = text.xcconfig; name = "Pods-SPV.release.xcconfig"; path = "Target Support Files/Pods-SPV/Pods-SPV.release.xcconfig"; sourceTree = "<group>"; };
		6B0E2AC12531CED10032ED45 /* loginPresenter.swift */ = {isa = PBXFileReference; lastKnownFileType = sourcecode.swift; path = loginPresenter.swift; sourceTree = "<group>"; };
		6B0E2AC22531CED80032ED45 /* loginService.swift */ = {isa = PBXFileReference; lastKnownFileType = sourcecode.swift; path = loginService.swift; sourceTree = "<group>"; };
		6B369D3D25321256001C1F29 /* login.swift */ = {isa = PBXFileReference; fileEncoding = 4; lastKnownFileType = sourcecode.swift; name = login.swift; path = SPV/VC/login.swift; sourceTree = SOURCE_ROOT; };
		6B369D3F253212F6001C1F29 /* loginModel.swift */ = {isa = PBXFileReference; lastKnownFileType = sourcecode.swift; name = loginModel.swift; path = SPV/Model/loginModel.swift; sourceTree = SOURCE_ROOT; };
		6B369D412532214E001C1F29 /* otp.swift */ = {isa = PBXFileReference; lastKnownFileType = sourcecode.swift; name = otp.swift; path = SPV/VC/otp.swift; sourceTree = SOURCE_ROOT; };
		6B369D4425323213001C1F29 /* constants.swift */ = {isa = PBXFileReference; lastKnownFileType = sourcecode.swift; name = constants.swift; path = SPV/Helper/constants.swift; sourceTree = SOURCE_ROOT; };
		6B8E491F25335A3C0005B001 /* Reachability.swift */ = {isa = PBXFileReference; lastKnownFileType = sourcecode.swift; name = Reachability.swift; path = SPV/Helper/Reachability.swift; sourceTree = SOURCE_ROOT; };
		6B8E492125336F300005B001 /* otpModel.swift */ = {isa = PBXFileReference; lastKnownFileType = sourcecode.swift; name = otpModel.swift; path = SPV/Model/otpModel.swift; sourceTree = SOURCE_ROOT; };
		6B8E492325336F4B0005B001 /* otpService.swift */ = {isa = PBXFileReference; lastKnownFileType = sourcecode.swift; name = otpService.swift; path = SPV/Service/otpService.swift; sourceTree = SOURCE_ROOT; };
		6B8E492525336F670005B001 /* otpPresenter.swift */ = {isa = PBXFileReference; lastKnownFileType = sourcecode.swift; name = otpPresenter.swift; path = SPV/Presenter/otpPresenter.swift; sourceTree = SOURCE_ROOT; };
		6BBBA60125342CA800470E96 /* GradientColours.swift */ = {isa = PBXFileReference; lastKnownFileType = sourcecode.swift; name = GradientColours.swift; path = SPV/Helper/GradientColours.swift; sourceTree = SOURCE_ROOT; };
		6BBBA60325343CA900470E96 /* BottomBorder.swift */ = {isa = PBXFileReference; lastKnownFileType = sourcecode.swift; name = BottomBorder.swift; path = SPV/Helper/BottomBorder.swift; sourceTree = SOURCE_ROOT; };
		6BBBA60525344C2B00470E96 /* blog.swift */ = {isa = PBXFileReference; lastKnownFileType = sourcecode.swift; name = blog.swift; path = SPV/VC/blog.swift; sourceTree = SOURCE_ROOT; };
		6BBBA607253460AE00470E96 /* userDefault.swift */ = {isa = PBXFileReference; lastKnownFileType = sourcecode.swift; name = userDefault.swift; path = SPV/Extension/userDefault.swift; sourceTree = SOURCE_ROOT; };
		6BDCBD9125417E4A0082AA17 /* Lato-Bold.ttf */ = {isa = PBXFileReference; lastKnownFileType = file; path = "Lato-Bold.ttf"; sourceTree = "<group>"; };
		6BDCBD9625417E530082AA17 /* Lato-Regular.ttf */ = {isa = PBXFileReference; lastKnownFileType = file; path = "Lato-Regular.ttf"; sourceTree = "<group>"; };
		6BDCBDD625419E7A0082AA17 /* Dashboard.storyboard */ = {isa = PBXFileReference; lastKnownFileType = file.storyboard; path = Dashboard.storyboard; sourceTree = "<group>"; };
		6BDCBDE92541A8140082AA17 /* TabbarController.swift */ = {isa = PBXFileReference; fileEncoding = 4; lastKnownFileType = sourcecode.swift; path = TabbarController.swift; sourceTree = "<group>"; };
		6BEA90DB252DCC4E00F029C0 /* SPV.app */ = {isa = PBXFileReference; explicitFileType = wrapper.application; includeInIndex = 0; path = SPV.app; sourceTree = BUILT_PRODUCTS_DIR; };
		6BEA90DE252DCC4E00F029C0 /* AppDelegate.swift */ = {isa = PBXFileReference; lastKnownFileType = sourcecode.swift; path = AppDelegate.swift; sourceTree = "<group>"; };
		6BEA90E0252DCC4E00F029C0 /* SceneDelegate.swift */ = {isa = PBXFileReference; lastKnownFileType = sourcecode.swift; path = SceneDelegate.swift; sourceTree = "<group>"; };
		6BEA90E5252DCC4E00F029C0 /* Base */ = {isa = PBXFileReference; lastKnownFileType = file.storyboard; name = Base; path = Base.lproj/Main.storyboard; sourceTree = "<group>"; };
		6BEA90E7252DCC6C00F029C0 /* Assets.xcassets */ = {isa = PBXFileReference; lastKnownFileType = folder.assetcatalog; path = Assets.xcassets; sourceTree = "<group>"; };
		6BEA90EA252DCC6C00F029C0 /* Base */ = {isa = PBXFileReference; lastKnownFileType = file.storyboard; name = Base; path = Base.lproj/LaunchScreen.storyboard; sourceTree = "<group>"; };
		6BEA90EC252DCC6C00F029C0 /* Info.plist */ = {isa = PBXFileReference; lastKnownFileType = text.plist.xml; path = Info.plist; sourceTree = "<group>"; };
		6BEA90F1252DCC6D00F029C0 /* SPVTests.xctest */ = {isa = PBXFileReference; explicitFileType = wrapper.cfbundle; includeInIndex = 0; path = SPVTests.xctest; sourceTree = BUILT_PRODUCTS_DIR; };
		6BEA90F5252DCC6D00F029C0 /* SPVTests.swift */ = {isa = PBXFileReference; lastKnownFileType = sourcecode.swift; path = SPVTests.swift; sourceTree = "<group>"; };
		6BEA90F7252DCC6D00F029C0 /* Info.plist */ = {isa = PBXFileReference; lastKnownFileType = text.plist.xml; path = Info.plist; sourceTree = "<group>"; };
		6BEA90FC252DCC6D00F029C0 /* SPVUITests.xctest */ = {isa = PBXFileReference; explicitFileType = wrapper.cfbundle; includeInIndex = 0; path = SPVUITests.xctest; sourceTree = BUILT_PRODUCTS_DIR; };
		6BEA9100252DCC6D00F029C0 /* SPVUITests.swift */ = {isa = PBXFileReference; lastKnownFileType = sourcecode.swift; path = SPVUITests.swift; sourceTree = "<group>"; };
		6BEA9102252DCC6D00F029C0 /* Info.plist */ = {isa = PBXFileReference; lastKnownFileType = text.plist.xml; path = Info.plist; sourceTree = "<group>"; };
		6BEA911C252DDC1000F029C0 /* APIManager.swift */ = {isa = PBXFileReference; lastKnownFileType = sourcecode.swift; name = APIManager.swift; path = "SPV/API Manager/APIManager.swift"; sourceTree = SOURCE_ROOT; };
		6BEA911E252DDC4900F029C0 /* APIUrl.swift */ = {isa = PBXFileReference; lastKnownFileType = sourcecode.swift; name = APIUrl.swift; path = "SPV/API Manager/APIUrl.swift"; sourceTree = SOURCE_ROOT; };
		6BEA9120252DDC6C00F029C0 /* APIFunctionName.swift */ = {isa = PBXFileReference; lastKnownFileType = sourcecode.swift; name = APIFunctionName.swift; path = "SPV/API Manager/APIFunctionName.swift"; sourceTree = SOURCE_ROOT; };
		6BEA9122252DDCBA00F029C0 /* TapToDismissKeypad.swift */ = {isa = PBXFileReference; lastKnownFileType = sourcecode.swift; name = TapToDismissKeypad.swift; path = SPV/Extension/TapToDismissKeypad.swift; sourceTree = SOURCE_ROOT; };
		6BEA9124252DDCD500F029C0 /* ShadowEffectForUIView.swift */ = {isa = PBXFileReference; lastKnownFileType = sourcecode.swift; name = ShadowEffectForUIView.swift; path = SPV/Extension/ShadowEffectForUIView.swift; sourceTree = SOURCE_ROOT; };
		6BEA9126252DDCF500F029C0 /* RoundedCornerForUIView.swift */ = {isa = PBXFileReference; lastKnownFileType = sourcecode.swift; name = RoundedCornerForUIView.swift; path = SPV/Extension/RoundedCornerForUIView.swift; sourceTree = SOURCE_ROOT; };
		6BEA9128252DDD1900F029C0 /* NavigationBarTitleOnLeftSide.swift */ = {isa = PBXFileReference; lastKnownFileType = sourcecode.swift; name = NavigationBarTitleOnLeftSide.swift; path = SPV/Extension/NavigationBarTitleOnLeftSide.swift; sourceTree = SOURCE_ROOT; };
		6BEA912A252DDD4300F029C0 /* DateFormatter.swift */ = {isa = PBXFileReference; lastKnownFileType = sourcecode.swift; name = DateFormatter.swift; path = SPV/Extension/DateFormatter.swift; sourceTree = SOURCE_ROOT; };
		6BEA912C252DDD5500F029C0 /* HTMLToString.swift */ = {isa = PBXFileReference; lastKnownFileType = sourcecode.swift; name = HTMLToString.swift; path = SPV/Extension/HTMLToString.swift; sourceTree = SOURCE_ROOT; };
		6BEA912E252DDE9C00F029C0 /* AlertController.swift */ = {isa = PBXFileReference; lastKnownFileType = sourcecode.swift; name = AlertController.swift; path = SPV/Helper/AlertController.swift; sourceTree = SOURCE_ROOT; };
		6BEA9130252DDFD600F029C0 /* ActivityIndicator.swift */ = {isa = PBXFileReference; lastKnownFileType = sourcecode.swift; name = ActivityIndicator.swift; path = SPV/Helper/ActivityIndicator.swift; sourceTree = SOURCE_ROOT; };
		6BEA9132252DE00200F029C0 /* LocalizationSystem.swift */ = {isa = PBXFileReference; lastKnownFileType = sourcecode.swift; name = LocalizationSystem.swift; path = SPV/Helper/LocalizationSystem.swift; sourceTree = SOURCE_ROOT; };
		D742C3861FD0A1235A866BAD /* Pods-SPV.debug.xcconfig */ = {isa = PBXFileReference; includeInIndex = 1; lastKnownFileType = text.xcconfig; name = "Pods-SPV.debug.xcconfig"; path = "Target Support Files/Pods-SPV/Pods-SPV.debug.xcconfig"; sourceTree = "<group>"; };
/* End PBXFileReference section */

/* Begin PBXFrameworksBuildPhase section */
		6BEA90D8252DCC4E00F029C0 /* Frameworks */ = {
			isa = PBXFrameworksBuildPhase;
			buildActionMask = 2147483647;
			files = (
				478C663790F745A5A4A872AF /* Pods_SPV.framework in Frameworks */,
			);
			runOnlyForDeploymentPostprocessing = 0;
		};
		6BEA90EE252DCC6D00F029C0 /* Frameworks */ = {
			isa = PBXFrameworksBuildPhase;
			buildActionMask = 2147483647;
			files = (
			);
			runOnlyForDeploymentPostprocessing = 0;
		};
		6BEA90F9252DCC6D00F029C0 /* Frameworks */ = {
			isa = PBXFrameworksBuildPhase;
			buildActionMask = 2147483647;
			files = (
			);
			runOnlyForDeploymentPostprocessing = 0;
		};
/* End PBXFrameworksBuildPhase section */

/* Begin PBXGroup section */
		2A25539B8526EADE97935954 /* Frameworks */ = {
			isa = PBXGroup;
			children = (
				05F36DCB3F859B52E36512BF /* Pods_SPV.framework */,
			);
			name = Frameworks;
			sourceTree = "<group>";
		};
		6BEA90D2252DCC4E00F029C0 = {
			isa = PBXGroup;
			children = (
				6BEA90DD252DCC4E00F029C0 /* SPV */,
				6BEA90F4252DCC6D00F029C0 /* SPVTests */,
				6BEA90FF252DCC6D00F029C0 /* SPVUITests */,
				6BEA90DC252DCC4E00F029C0 /* Products */,
				FF31AD88EF569BBE65EFC7F4 /* Pods */,
				2A25539B8526EADE97935954 /* Frameworks */,
			);
			sourceTree = "<group>";
		};
		6BEA90DC252DCC4E00F029C0 /* Products */ = {
			isa = PBXGroup;
			children = (
				6BEA90DB252DCC4E00F029C0 /* SPV.app */,
				6BEA90F1252DCC6D00F029C0 /* SPVTests.xctest */,
				6BEA90FC252DCC6D00F029C0 /* SPVUITests.xctest */,
			);
			name = Products;
			sourceTree = "<group>";
		};
		6BEA90DD252DCC4E00F029C0 /* SPV */ = {
			isa = PBXGroup;
			children = (
				6BEA90DE252DCC4E00F029C0 /* AppDelegate.swift */,
				6BEA90E0252DCC4E00F029C0 /* SceneDelegate.swift */,
				6BEA9112252DD50E00F029C0 /* Multi Language */,
				6BEA9113252DD52100F029C0 /* Font */,
				6BEA9114252DD53200F029C0 /* API Manager */,
				6BEA910E252DD2F900F029C0 /* Model */,
				6BEA9110252DD35300F029C0 /* Service */,
				6BEA910F252DD32300F029C0 /* Presenter */,
				6BEA9111252DD36300F029C0 /* VC */,
				6BEA9118252DDB2B00F029C0 /* Cell */,
				6BEA911A252DDB4400F029C0 /* Helper */,
				6BEA9119252DDB3C00F029C0 /* Extension */,
				6BED08D8253DA993001E8C0F /* StoryBoards */,
				6BEA90E9252DCC6C00F029C0 /* LaunchScreen.storyboard */,
				6BEA90EC252DCC6C00F029C0 /* Info.plist */,
				6BEA90E7252DCC6C00F029C0 /* Assets.xcassets */,
			);
			path = SPV;
			sourceTree = "<group>";
		};
		6BEA90F4252DCC6D00F029C0 /* SPVTests */ = {
			isa = PBXGroup;
			children = (
				6BEA90F5252DCC6D00F029C0 /* SPVTests.swift */,
				6BEA90F7252DCC6D00F029C0 /* Info.plist */,
			);
			path = SPVTests;
			sourceTree = "<group>";
		};
		6BEA90FF252DCC6D00F029C0 /* SPVUITests */ = {
			isa = PBXGroup;
			children = (
				6BEA9100252DCC6D00F029C0 /* SPVUITests.swift */,
				6BEA9102252DCC6D00F029C0 /* Info.plist */,
			);
			path = SPVUITests;
			sourceTree = "<group>";
		};
		6BEA910E252DD2F900F029C0 /* Model */ = {
			isa = PBXGroup;
			children = (
				6B369D3F253212F6001C1F29 /* loginModel.swift */,
				6B8E492125336F300005B001 /* otpModel.swift */,
			);
			path = Model;
			sourceTree = "<group>";
		};
		6BEA910F252DD32300F029C0 /* Presenter */ = {
			isa = PBXGroup;
			children = (
				6B0E2AC12531CED10032ED45 /* loginPresenter.swift */,
				6B8E492525336F670005B001 /* otpPresenter.swift */,
			);
			path = Presenter;
			sourceTree = "<group>";
		};
		6BEA9110252DD35300F029C0 /* Service */ = {
			isa = PBXGroup;
			children = (
				6B0E2AC22531CED80032ED45 /* loginService.swift */,
				6B8E492325336F4B0005B001 /* otpService.swift */,
			);
			path = Service;
			sourceTree = "<group>";
		};
		6BEA9111252DD36300F029C0 /* VC */ = {
			isa = PBXGroup;
			children = (
				6B369D3D25321256001C1F29 /* login.swift */,
				6B369D412532214E001C1F29 /* otp.swift */,
				6BBBA60525344C2B00470E96 /* blog.swift */,
				6BDCBDE92541A8140082AA17 /* TabbarController.swift */,
			);
			path = VC;
			sourceTree = "<group>";
		};
		6BEA9112252DD50E00F029C0 /* Multi Language */ = {
			isa = PBXGroup;
			children = (
			);
			path = "Multi Language";
			sourceTree = "<group>";
		};
		6BEA9113252DD52100F029C0 /* Font */ = {
			isa = PBXGroup;
			children = (
				6BDCBD9125417E4A0082AA17 /* Lato-Bold.ttf */,
				6BDCBD9625417E530082AA17 /* Lato-Regular.ttf */,
			);
			path = Font;
			sourceTree = "<group>";
		};
		6BEA9114252DD53200F029C0 /* API Manager */ = {
			isa = PBXGroup;
			children = (
				6BEA911C252DDC1000F029C0 /* APIManager.swift */,
				6BEA911E252DDC4900F029C0 /* APIUrl.swift */,
				6BEA9120252DDC6C00F029C0 /* APIFunctionName.swift */,
			);
			path = "API Manager";
			sourceTree = "<group>";
		};
		6BEA9118252DDB2B00F029C0 /* Cell */ = {
			isa = PBXGroup;
			children = (
			);
			name = Cell;
			path = Cells;
			sourceTree = "<group>";
		};
		6BEA9119252DDB3C00F029C0 /* Extension */ = {
			isa = PBXGroup;
			children = (
				6BEA9122252DDCBA00F029C0 /* TapToDismissKeypad.swift */,
				6BEA9124252DDCD500F029C0 /* ShadowEffectForUIView.swift */,
				6BEA9126252DDCF500F029C0 /* RoundedCornerForUIView.swift */,
				6BEA9128252DDD1900F029C0 /* NavigationBarTitleOnLeftSide.swift */,
				6BEA912A252DDD4300F029C0 /* DateFormatter.swift */,
				6BEA912C252DDD5500F029C0 /* HTMLToString.swift */,
				6BBBA607253460AE00470E96 /* userDefault.swift */,
			);
			path = Extension;
			sourceTree = "<group>";
		};
		6BEA911A252DDB4400F029C0 /* Helper */ = {
			isa = PBXGroup;
			children = (
				6BEA9147252DF0AD00F029C0 /* HMSegmentControl */,
				6BEA912E252DDE9C00F029C0 /* AlertController.swift */,
				6BEA9130252DDFD600F029C0 /* ActivityIndicator.swift */,
				6BEA9132252DE00200F029C0 /* LocalizationSystem.swift */,
				6B369D4425323213001C1F29 /* constants.swift */,
				6B8E491F25335A3C0005B001 /* Reachability.swift */,
				6BBBA60125342CA800470E96 /* GradientColours.swift */,
				6BBBA60325343CA900470E96 /* BottomBorder.swift */,
			);
			path = Helper;
			sourceTree = "<group>";
		};
		6BEA9147252DF0AD00F029C0 /* HMSegmentControl */ = {
			isa = PBXGroup;
			children = (
			);
			path = HMSegmentControl;
			sourceTree = "<group>";
		};
		6BED08D8253DA993001E8C0F /* StoryBoards */ = {
			isa = PBXGroup;
			children = (
				6BEA90E4252DCC4E00F029C0 /* Main.storyboard */,
				6BDCBDD625419E7A0082AA17 /* Dashboard.storyboard */,
			);
			path = StoryBoards;
			sourceTree = "<group>";
		};
		FF31AD88EF569BBE65EFC7F4 /* Pods */ = {
			isa = PBXGroup;
			children = (
				D742C3861FD0A1235A866BAD /* Pods-SPV.debug.xcconfig */,
				34FB927C4CC488B8717DAFCE /* Pods-SPV.release.xcconfig */,
			);
			path = Pods;
			sourceTree = "<group>";
		};
/* End PBXGroup section */

/* Begin PBXNativeTarget section */
		6BEA90DA252DCC4E00F029C0 /* SPV */ = {
			isa = PBXNativeTarget;
			buildConfigurationList = 6BEA9105252DCC6D00F029C0 /* Build configuration list for PBXNativeTarget "SPV" */;
			buildPhases = (
				FE9487D209A58BAB4157185E /* [CP] Check Pods Manifest.lock */,
				6BEA90D7252DCC4E00F029C0 /* Sources */,
				6BEA90D8252DCC4E00F029C0 /* Frameworks */,
				6BEA90D9252DCC4E00F029C0 /* Resources */,
				6A61CB6A0296E1F65C948842 /* [CP] Embed Pods Frameworks */,
			);
			buildRules = (
			);
			dependencies = (
			);
			name = SPV;
			productName = SPV;
			productReference = 6BEA90DB252DCC4E00F029C0 /* SPV.app */;
			productType = "com.apple.product-type.application";
		};
		6BEA90F0252DCC6D00F029C0 /* SPVTests */ = {
			isa = PBXNativeTarget;
			buildConfigurationList = 6BEA9108252DCC6D00F029C0 /* Build configuration list for PBXNativeTarget "SPVTests" */;
			buildPhases = (
				6BEA90ED252DCC6D00F029C0 /* Sources */,
				6BEA90EE252DCC6D00F029C0 /* Frameworks */,
				6BEA90EF252DCC6D00F029C0 /* Resources */,
			);
			buildRules = (
			);
			dependencies = (
				6BEA90F3252DCC6D00F029C0 /* PBXTargetDependency */,
			);
			name = SPVTests;
			productName = SPVTests;
			productReference = 6BEA90F1252DCC6D00F029C0 /* SPVTests.xctest */;
			productType = "com.apple.product-type.bundle.unit-test";
		};
		6BEA90FB252DCC6D00F029C0 /* SPVUITests */ = {
			isa = PBXNativeTarget;
			buildConfigurationList = 6BEA910B252DCC6D00F029C0 /* Build configuration list for PBXNativeTarget "SPVUITests" */;
			buildPhases = (
				6BEA90F8252DCC6D00F029C0 /* Sources */,
				6BEA90F9252DCC6D00F029C0 /* Frameworks */,
				6BEA90FA252DCC6D00F029C0 /* Resources */,
			);
			buildRules = (
			);
			dependencies = (
				6BEA90FE252DCC6D00F029C0 /* PBXTargetDependency */,
			);
			name = SPVUITests;
			productName = SPVUITests;
			productReference = 6BEA90FC252DCC6D00F029C0 /* SPVUITests.xctest */;
			productType = "com.apple.product-type.bundle.ui-testing";
		};
/* End PBXNativeTarget section */

/* Begin PBXProject section */
		6BEA90D3252DCC4E00F029C0 /* Project object */ = {
			isa = PBXProject;
			attributes = {
				LastSwiftUpdateCheck = 1150;
				LastUpgradeCheck = 1150;
				ORGANIZATIONNAME = "HappySanz Tech";
				TargetAttributes = {
					6BEA90DA252DCC4E00F029C0 = {
						CreatedOnToolsVersion = 11.5;
						LastSwiftMigration = 1150;
					};
					6BEA90F0252DCC6D00F029C0 = {
						CreatedOnToolsVersion = 11.5;
						TestTargetID = 6BEA90DA252DCC4E00F029C0;
					};
					6BEA90FB252DCC6D00F029C0 = {
						CreatedOnToolsVersion = 11.5;
						TestTargetID = 6BEA90DA252DCC4E00F029C0;
					};
				};
			};
			buildConfigurationList = 6BEA90D6252DCC4E00F029C0 /* Build configuration list for PBXProject "SPV" */;
			compatibilityVersion = "Xcode 9.3";
			developmentRegion = en;
			hasScannedForEncodings = 0;
			knownRegions = (
				en,
				Base,
				ta,
			);
			mainGroup = 6BEA90D2252DCC4E00F029C0;
			productRefGroup = 6BEA90DC252DCC4E00F029C0 /* Products */;
			projectDirPath = "";
			projectRoot = "";
			targets = (
				6BEA90DA252DCC4E00F029C0 /* SPV */,
				6BEA90F0252DCC6D00F029C0 /* SPVTests */,
				6BEA90FB252DCC6D00F029C0 /* SPVUITests */,
			);
		};
/* End PBXProject section */

/* Begin PBXResourcesBuildPhase section */
		6BEA90D9252DCC4E00F029C0 /* Resources */ = {
			isa = PBXResourcesBuildPhase;
			buildActionMask = 2147483647;
			files = (
				6BEA90EB252DCC6C00F029C0 /* LaunchScreen.storyboard in Resources */,
				6BDCBDD725419E7A0082AA17 /* Dashboard.storyboard in Resources */,
				6BEA90E8252DCC6C00F029C0 /* Assets.xcassets in Resources */,
				6BDCBD9725417E530082AA17 /* Lato-Regular.ttf in Resources */,
				6BEA90E6252DCC4E00F029C0 /* Main.storyboard in Resources */,
				6BDCBD9225417E4A0082AA17 /* Lato-Bold.ttf in Resources */,
			);
			runOnlyForDeploymentPostprocessing = 0;
		};
		6BEA90EF252DCC6D00F029C0 /* Resources */ = {
			isa = PBXResourcesBuildPhase;
			buildActionMask = 2147483647;
			files = (
			);
			runOnlyForDeploymentPostprocessing = 0;
		};
		6BEA90FA252DCC6D00F029C0 /* Resources */ = {
			isa = PBXResourcesBuildPhase;
			buildActionMask = 2147483647;
			files = (
			);
			runOnlyForDeploymentPostprocessing = 0;
		};
/* End PBXResourcesBuildPhase section */

/* Begin PBXShellScriptBuildPhase section */
		6A61CB6A0296E1F65C948842 /* [CP] Embed Pods Frameworks */ = {
			isa = PBXShellScriptBuildPhase;
			buildActionMask = 2147483647;
			files = (
			);
			inputFileListPaths = (
				"${PODS_ROOT}/Target Support Files/Pods-SPV/Pods-SPV-frameworks-${CONFIGURATION}-input-files.xcfilelist",
			);
			name = "[CP] Embed Pods Frameworks";
			outputFileListPaths = (
				"${PODS_ROOT}/Target Support Files/Pods-SPV/Pods-SPV-frameworks-${CONFIGURATION}-output-files.xcfilelist",
			);
			runOnlyForDeploymentPostprocessing = 0;
			shellPath = /bin/sh;
			shellScript = "\"${PODS_ROOT}/Target Support Files/Pods-SPV/Pods-SPV-frameworks.sh\"\n";
			showEnvVarsInLog = 0;
		};
		FE9487D209A58BAB4157185E /* [CP] Check Pods Manifest.lock */ = {
			isa = PBXShellScriptBuildPhase;
			buildActionMask = 2147483647;
			files = (
			);
			inputFileListPaths = (
			);
			inputPaths = (
				"${PODS_PODFILE_DIR_PATH}/Podfile.lock",
				"${PODS_ROOT}/Manifest.lock",
			);
			name = "[CP] Check Pods Manifest.lock";
			outputFileListPaths = (
			);
			outputPaths = (
				"$(DERIVED_FILE_DIR)/Pods-SPV-checkManifestLockResult.txt",
			);
			runOnlyForDeploymentPostprocessing = 0;
			shellPath = /bin/sh;
			shellScript = "diff \"${PODS_PODFILE_DIR_PATH}/Podfile.lock\" \"${PODS_ROOT}/Manifest.lock\" > /dev/null\nif [ $? != 0 ] ; then\n    # print error to STDERR\n    echo \"error: The sandbox is not in sync with the Podfile.lock. Run 'pod install' or update your CocoaPods installation.\" >&2\n    exit 1\nfi\n# This output is used by Xcode 'outputs' to avoid re-running this script phase.\necho \"SUCCESS\" > \"${SCRIPT_OUTPUT_FILE_0}\"\n";
			showEnvVarsInLog = 0;
		};
/* End PBXShellScriptBuildPhase section */

/* Begin PBXSourcesBuildPhase section */
		6BEA90D7252DCC4E00F029C0 /* Sources */ = {
			isa = PBXSourcesBuildPhase;
			buildActionMask = 2147483647;
			files = (
				6BBBA60425343CAA00470E96 /* BottomBorder.swift in Sources */,
				6BEA911F252DDC4900F029C0 /* APIUrl.swift in Sources */,
				6BEA9125252DDCD500F029C0 /* ShadowEffectForUIView.swift in Sources */,
				6BEA9123252DDCBA00F029C0 /* TapToDismissKeypad.swift in Sources */,
				6BBBA608253460AE00470E96 /* userDefault.swift in Sources */,
				6B0E2AC32531CED80032ED45 /* loginService.swift in Sources */,
				6B369D4325323011001C1F29 /* loginPresenter.swift in Sources */,
				6BEA911D252DDC1000F029C0 /* APIManager.swift in Sources */,
				6BEA9131252DDFD600F029C0 /* ActivityIndicator.swift in Sources */,
				6BEA912D252DDD5500F029C0 /* HTMLToString.swift in Sources */,
				6B8E492625336F670005B001 /* otpPresenter.swift in Sources */,
				6BBBA60225342CA900470E96 /* GradientColours.swift in Sources */,
				6BEA9133252DE00200F029C0 /* LocalizationSystem.swift in Sources */,
				6B369D3E25321257001C1F29 /* login.swift in Sources */,
				6BBBA60625344C2C00470E96 /* blog.swift in Sources */,
				6BEA912B252DDD4300F029C0 /* DateFormatter.swift in Sources */,
				6BEA9129252DDD1900F029C0 /* NavigationBarTitleOnLeftSide.swift in Sources */,
				6BEA9121252DDC6C00F029C0 /* APIFunctionName.swift in Sources */,
				6BEA90DF252DCC4E00F029C0 /* AppDelegate.swift in Sources */,
				6BEA9127252DDCF500F029C0 /* RoundedCornerForUIView.swift in Sources */,
				6BEA912F252DDE9C00F029C0 /* AlertController.swift in Sources */,
				6B369D4525323213001C1F29 /* constants.swift in Sources */,
				6B8E492025335A3D0005B001 /* Reachability.swift in Sources */,
				6B369D422532214E001C1F29 /* otp.swift in Sources */,
				6BDCBDEA2541A8140082AA17 /* TabbarController.swift in Sources */,
				6B8E492225336F300005B001 /* otpModel.swift in Sources */,
				6BEA90E1252DCC4E00F029C0 /* SceneDelegate.swift in Sources */,
				6B369D40253212F6001C1F29 /* loginModel.swift in Sources */,
				6B8E492425336F4B0005B001 /* otpService.swift in Sources */,
			);
			runOnlyForDeploymentPostprocessing = 0;
		};
		6BEA90ED252DCC6D00F029C0 /* Sources */ = {
			isa = PBXSourcesBuildPhase;
			buildActionMask = 2147483647;
			files = (
				6BEA90F6252DCC6D00F029C0 /* SPVTests.swift in Sources */,
			);
			runOnlyForDeploymentPostprocessing = 0;
		};
		6BEA90F8252DCC6D00F029C0 /* Sources */ = {
			isa = PBXSourcesBuildPhase;
			buildActionMask = 2147483647;
			files = (
				6BEA9101252DCC6D00F029C0 /* SPVUITests.swift in Sources */,
			);
			runOnlyForDeploymentPostprocessing = 0;
		};
/* End PBXSourcesBuildPhase section */

/* Begin PBXTargetDependency section */
		6BEA90F3252DCC6D00F029C0 /* PBXTargetDependency */ = {
			isa = PBXTargetDependency;
			target = 6BEA90DA252DCC4E00F029C0 /* SPV */;
			targetProxy = 6BEA90F2252DCC6D00F029C0 /* PBXContainerItemProxy */;
		};
		6BEA90FE252DCC6D00F029C0 /* PBXTargetDependency */ = {
			isa = PBXTargetDependency;
			target = 6BEA90DA252DCC4E00F029C0 /* SPV */;
			targetProxy = 6BEA90FD252DCC6D00F029C0 /* PBXContainerItemProxy */;
		};
/* End PBXTargetDependency section */

/* Begin PBXVariantGroup section */
		6BEA90E4252DCC4E00F029C0 /* Main.storyboard */ = {
			isa = PBXVariantGroup;
			children = (
				6BEA90E5252DCC4E00F029C0 /* Base */,
			);
			name = Main.storyboard;
			sourceTree = "<group>";
		};
		6BEA90E9252DCC6C00F029C0 /* LaunchScreen.storyboard */ = {
			isa = PBXVariantGroup;
			children = (
				6BEA90EA252DCC6C00F029C0 /* Base */,
			);
			name = LaunchScreen.storyboard;
			sourceTree = "<group>";
		};
/* End PBXVariantGroup section */

/* Begin XCBuildConfiguration section */
		6BEA9103252DCC6D00F029C0 /* Debug */ = {
			isa = XCBuildConfiguration;
			buildSettings = {
				ALWAYS_SEARCH_USER_PATHS = NO;
				CLANG_ANALYZER_NONNULL = YES;
				CLANG_ANALYZER_NUMBER_OBJECT_CONVERSION = YES_AGGRESSIVE;
				CLANG_CXX_LANGUAGE_STANDARD = "gnu++14";
				CLANG_CXX_LIBRARY = "libc++";
				CLANG_ENABLE_MODULES = YES;
				CLANG_ENABLE_OBJC_ARC = YES;
				CLANG_ENABLE_OBJC_WEAK = YES;
				CLANG_WARN_BLOCK_CAPTURE_AUTORELEASING = YES;
				CLANG_WARN_BOOL_CONVERSION = YES;
				CLANG_WARN_COMMA = YES;
				CLANG_WARN_CONSTANT_CONVERSION = YES;
				CLANG_WARN_DEPRECATED_OBJC_IMPLEMENTATIONS = YES;
				CLANG_WARN_DIRECT_OBJC_ISA_USAGE = YES_ERROR;
				CLANG_WARN_DOCUMENTATION_COMMENTS = YES;
				CLANG_WARN_EMPTY_BODY = YES;
				CLANG_WARN_ENUM_CONVERSION = YES;
				CLANG_WARN_INFINITE_RECURSION = YES;
				CLANG_WARN_INT_CONVERSION = YES;
				CLANG_WARN_NON_LITERAL_NULL_CONVERSION = YES;
				CLANG_WARN_OBJC_IMPLICIT_RETAIN_SELF = YES;
				CLANG_WARN_OBJC_LITERAL_CONVERSION = YES;
				CLANG_WARN_OBJC_ROOT_CLASS = YES_ERROR;
				CLANG_WARN_RANGE_LOOP_ANALYSIS = YES;
				CLANG_WARN_STRICT_PROTOTYPES = YES;
				CLANG_WARN_SUSPICIOUS_MOVE = YES;
				CLANG_WARN_UNGUARDED_AVAILABILITY = YES_AGGRESSIVE;
				CLANG_WARN_UNREACHABLE_CODE = YES;
				CLANG_WARN__DUPLICATE_METHOD_MATCH = YES;
				COPY_PHASE_STRIP = NO;
				DEBUG_INFORMATION_FORMAT = dwarf;
				ENABLE_STRICT_OBJC_MSGSEND = YES;
				ENABLE_TESTABILITY = YES;
				GCC_C_LANGUAGE_STANDARD = gnu11;
				GCC_DYNAMIC_NO_PIC = NO;
				GCC_NO_COMMON_BLOCKS = YES;
				GCC_OPTIMIZATION_LEVEL = 0;
				GCC_PREPROCESSOR_DEFINITIONS = (
					"DEBUG=1",
					"$(inherited)",
				);
				GCC_WARN_64_TO_32_BIT_CONVERSION = YES;
				GCC_WARN_ABOUT_RETURN_TYPE = YES_ERROR;
				GCC_WARN_UNDECLARED_SELECTOR = YES;
				GCC_WARN_UNINITIALIZED_AUTOS = YES_AGGRESSIVE;
				GCC_WARN_UNUSED_FUNCTION = YES;
				GCC_WARN_UNUSED_VARIABLE = YES;
				IPHONEOS_DEPLOYMENT_TARGET = 13.5;
				MTL_ENABLE_DEBUG_INFO = INCLUDE_SOURCE;
				MTL_FAST_MATH = YES;
				ONLY_ACTIVE_ARCH = YES;
				SDKROOT = iphoneos;
				SWIFT_ACTIVE_COMPILATION_CONDITIONS = DEBUG;
				SWIFT_OPTIMIZATION_LEVEL = "-Onone";
			};
			name = Debug;
		};
		6BEA9104252DCC6D00F029C0 /* Release */ = {
			isa = XCBuildConfiguration;
			buildSettings = {
				ALWAYS_SEARCH_USER_PATHS = NO;
				CLANG_ANALYZER_NONNULL = YES;
				CLANG_ANALYZER_NUMBER_OBJECT_CONVERSION = YES_AGGRESSIVE;
				CLANG_CXX_LANGUAGE_STANDARD = "gnu++14";
				CLANG_CXX_LIBRARY = "libc++";
				CLANG_ENABLE_MODULES = YES;
				CLANG_ENABLE_OBJC_ARC = YES;
				CLANG_ENABLE_OBJC_WEAK = YES;
				CLANG_WARN_BLOCK_CAPTURE_AUTORELEASING = YES;
				CLANG_WARN_BOOL_CONVERSION = YES;
				CLANG_WARN_COMMA = YES;
				CLANG_WARN_CONSTANT_CONVERSION = YES;
				CLANG_WARN_DEPRECATED_OBJC_IMPLEMENTATIONS = YES;
				CLANG_WARN_DIRECT_OBJC_ISA_USAGE = YES_ERROR;
				CLANG_WARN_DOCUMENTATION_COMMENTS = YES;
				CLANG_WARN_EMPTY_BODY = YES;
				CLANG_WARN_ENUM_CONVERSION = YES;
				CLANG_WARN_INFINITE_RECURSION = YES;
				CLANG_WARN_INT_CONVERSION = YES;
				CLANG_WARN_NON_LITERAL_NULL_CONVERSION = YES;
				CLANG_WARN_OBJC_IMPLICIT_RETAIN_SELF = YES;
				CLANG_WARN_OBJC_LITERAL_CONVERSION = YES;
				CLANG_WARN_OBJC_ROOT_CLASS = YES_ERROR;
				CLANG_WARN_RANGE_LOOP_ANALYSIS = YES;
				CLANG_WARN_STRICT_PROTOTYPES = YES;
				CLANG_WARN_SUSPICIOUS_MOVE = YES;
				CLANG_WARN_UNGUARDED_AVAILABILITY = YES_AGGRESSIVE;
				CLANG_WARN_UNREACHABLE_CODE = YES;
				CLANG_WARN__DUPLICATE_METHOD_MATCH = YES;
				COPY_PHASE_STRIP = NO;
				DEBUG_INFORMATION_FORMAT = "dwarf-with-dsym";
				ENABLE_NS_ASSERTIONS = NO;
				ENABLE_STRICT_OBJC_MSGSEND = YES;
				GCC_C_LANGUAGE_STANDARD = gnu11;
				GCC_NO_COMMON_BLOCKS = YES;
				GCC_WARN_64_TO_32_BIT_CONVERSION = YES;
				GCC_WARN_ABOUT_RETURN_TYPE = YES_ERROR;
				GCC_WARN_UNDECLARED_SELECTOR = YES;
				GCC_WARN_UNINITIALIZED_AUTOS = YES_AGGRESSIVE;
				GCC_WARN_UNUSED_FUNCTION = YES;
				GCC_WARN_UNUSED_VARIABLE = YES;
				IPHONEOS_DEPLOYMENT_TARGET = 13.5;
				MTL_ENABLE_DEBUG_INFO = NO;
				MTL_FAST_MATH = YES;
				SDKROOT = iphoneos;
				SWIFT_COMPILATION_MODE = wholemodule;
				SWIFT_OPTIMIZATION_LEVEL = "-O";
				VALIDATE_PRODUCT = YES;
			};
			name = Release;
		};
		6BEA9106252DCC6D00F029C0 /* Debug */ = {
			isa = XCBuildConfiguration;
			baseConfigurationReference = D742C3861FD0A1235A866BAD /* Pods-SPV.debug.xcconfig */;
			buildSettings = {
				ASSETCATALOG_COMPILER_APPICON_NAME = AppIcon;
				CLANG_ENABLE_MODULES = YES;
				CODE_SIGN_IDENTITY = "Apple Development";
				CODE_SIGN_STYLE = Automatic;
				DEVELOPMENT_TEAM = 6V986NC4N5;
				INFOPLIST_FILE = SPV/Info.plist;
				IPHONEOS_DEPLOYMENT_TARGET = 13.0;
				LD_RUNPATH_SEARCH_PATHS = (
					"$(inherited)",
					"@executable_path/Frameworks",
				);
				"OTHER_LDFLAGS[arch=*]" = (
					"$(inherited)",
					"-framework",
					"\"Alamofire\"",
					"-framework",
					"\"CoreGraphics\"",
					"-framework",
					"\"Foundation\"",
					"-framework",
					"\"HMSegmentedControl\"",
					"-framework",
					"\"IQKeyboardManagerSwift\"",
					"-framework",
					"\"ImageIO\"",
					"-framework",
					"\"QuartzCore\"",
					"-framework",
					"\"SDWebImage\"",
					"-framework",
					"\"SwiftyJSON\"",
					"-framework",
					"\"UIKit\"",
					"-framework",
					"\"YoutubePlayer_in_WKWebView\"",
				);
				PRODUCT_BUNDLE_IDENTIFIER = com.hst.SPV;
				PRODUCT_NAME = "$(TARGET_NAME)";
				PROVISIONING_PROFILE_SPECIFIER = "";
				SWIFT_OBJC_BRIDGING_HEADER = "";
				SWIFT_OPTIMIZATION_LEVEL = "-Onone";
				SWIFT_VERSION = 5.0;
				TARGETED_DEVICE_FAMILY = "1,2";
			};
			name = Debug;
		};
		6BEA9107252DCC6D00F029C0 /* Release */ = {
			isa = XCBuildConfiguration;
			baseConfigurationReference = 34FB927C4CC488B8717DAFCE /* Pods-SPV.release.xcconfig */;
			buildSettings = {
				ASSETCATALOG_COMPILER_APPICON_NAME = AppIcon;
				CLANG_ENABLE_MODULES = YES;
				CODE_SIGN_IDENTITY = "Apple Development";
				CODE_SIGN_STYLE = Automatic;
				DEVELOPMENT_TEAM = 6V986NC4N5;
				INFOPLIST_FILE = SPV/Info.plist;
				IPHONEOS_DEPLOYMENT_TARGET = 13.0;
				LD_RUNPATH_SEARCH_PATHS = (
					"$(inherited)",
					"@executable_path/Frameworks",
				);
				PRODUCT_BUNDLE_IDENTIFIER = com.hst.SPV;
				PRODUCT_NAME = "$(TARGET_NAME)";
				PROVISIONING_PROFILE_SPECIFIER = "";
				SWIFT_OBJC_BRIDGING_HEADER = "";
				SWIFT_VERSION = 5.0;
				TARGETED_DEVICE_FAMILY = "1,2";
			};
			name = Release;
		};
		6BEA9109252DCC6D00F029C0 /* Debug */ = {
			isa = XCBuildConfiguration;
			buildSettings = {
				ALWAYS_EMBED_SWIFT_STANDARD_LIBRARIES = YES;
				BUNDLE_LOADER = "$(TEST_HOST)";
				CODE_SIGN_STYLE = Automatic;
				DEVELOPMENT_TEAM = 6V986NC4N5;
				INFOPLIST_FILE = SPVTests/Info.plist;
				IPHONEOS_DEPLOYMENT_TARGET = 13.5;
				LD_RUNPATH_SEARCH_PATHS = (
					"$(inherited)",
					"@executable_path/Frameworks",
					"@loader_path/Frameworks",
				);
				PRODUCT_BUNDLE_IDENTIFIER = com.hst.SPVTests;
				PRODUCT_NAME = "$(TARGET_NAME)";
				SWIFT_VERSION = 5.0;
				TARGETED_DEVICE_FAMILY = "1,2";
				TEST_HOST = "$(BUILT_PRODUCTS_DIR)/SPV.app/SPV";
			};
			name = Debug;
		};
		6BEA910A252DCC6D00F029C0 /* Release */ = {
			isa = XCBuildConfiguration;
			buildSettings = {
				ALWAYS_EMBED_SWIFT_STANDARD_LIBRARIES = YES;
				BUNDLE_LOADER = "$(TEST_HOST)";
				CODE_SIGN_STYLE = Automatic;
				DEVELOPMENT_TEAM = 6V986NC4N5;
				INFOPLIST_FILE = SPVTests/Info.plist;
				IPHONEOS_DEPLOYMENT_TARGET = 13.5;
				LD_RUNPATH_SEARCH_PATHS = (
					"$(inherited)",
					"@executable_path/Frameworks",
					"@loader_path/Frameworks",
				);
				PRODUCT_BUNDLE_IDENTIFIER = com.hst.SPVTests;
				PRODUCT_NAME = "$(TARGET_NAME)";
				SWIFT_VERSION = 5.0;
				TARGETED_DEVICE_FAMILY = "1,2";
				TEST_HOST = "$(BUILT_PRODUCTS_DIR)/SPV.app/SPV";
			};
			name = Release;
		};
		6BEA910C252DCC6D00F029C0 /* Debug */ = {
			isa = XCBuildConfiguration;
			buildSettings = {
				ALWAYS_EMBED_SWIFT_STANDARD_LIBRARIES = YES;
				CODE_SIGN_STYLE = Automatic;
				DEVELOPMENT_TEAM = 6V986NC4N5;
				INFOPLIST_FILE = SPVUITests/Info.plist;
				LD_RUNPATH_SEARCH_PATHS = (
					"$(inherited)",
					"@executable_path/Frameworks",
					"@loader_path/Frameworks",
				);
				PRODUCT_BUNDLE_IDENTIFIER = com.hst.SPVUITests;
				PRODUCT_NAME = "$(TARGET_NAME)";
				SWIFT_VERSION = 5.0;
				TARGETED_DEVICE_FAMILY = "1,2";
				TEST_TARGET_NAME = SPV;
			};
			name = Debug;
		};
		6BEA910D252DCC6D00F029C0 /* Release */ = {
			isa = XCBuildConfiguration;
			buildSettings = {
				ALWAYS_EMBED_SWIFT_STANDARD_LIBRARIES = YES;
				CODE_SIGN_STYLE = Automatic;
				DEVELOPMENT_TEAM = 6V986NC4N5;
				INFOPLIST_FILE = SPVUITests/Info.plist;
				LD_RUNPATH_SEARCH_PATHS = (
					"$(inherited)",
					"@executable_path/Frameworks",
					"@loader_path/Frameworks",
				);
				PRODUCT_BUNDLE_IDENTIFIER = com.hst.SPVUITests;
				PRODUCT_NAME = "$(TARGET_NAME)";
				SWIFT_VERSION = 5.0;
				TARGETED_DEVICE_FAMILY = "1,2";
				TEST_TARGET_NAME = SPV;
			};
			name = Release;
		};
/* End XCBuildConfiguration section */

/* Begin XCConfigurationList section */
		6BEA90D6252DCC4E00F029C0 /* Build configuration list for PBXProject "SPV" */ = {
			isa = XCConfigurationList;
			buildConfigurations = (
				6BEA9103252DCC6D00F029C0 /* Debug */,
				6BEA9104252DCC6D00F029C0 /* Release */,
			);
			defaultConfigurationIsVisible = 0;
			defaultConfigurationName = Release;
		};
		6BEA9105252DCC6D00F029C0 /* Build configuration list for PBXNativeTarget "SPV" */ = {
			isa = XCConfigurationList;
			buildConfigurations = (
				6BEA9106252DCC6D00F029C0 /* Debug */,
				6BEA9107252DCC6D00F029C0 /* Release */,
			);
			defaultConfigurationIsVisible = 0;
			defaultConfigurationName = Release;
		};
		6BEA9108252DCC6D00F029C0 /* Build configuration list for PBXNativeTarget "SPVTests" */ = {
			isa = XCConfigurationList;
			buildConfigurations = (
				6BEA9109252DCC6D00F029C0 /* Debug */,
				6BEA910A252DCC6D00F029C0 /* Release */,
			);
			defaultConfigurationIsVisible = 0;
			defaultConfigurationName = Release;
		};
		6BEA910B252DCC6D00F029C0 /* Build configuration list for PBXNativeTarget "SPVUITests" */ = {
			isa = XCConfigurationList;
			buildConfigurations = (
				6BEA910C252DCC6D00F029C0 /* Debug */,
				6BEA910D252DCC6D00F029C0 /* Release */,
			);
			defaultConfigurationIsVisible = 0;
			defaultConfigurationName = Release;
		};
/* End XCConfigurationList section */
	};
	rootObject = 6BEA90D3252DCC4E00F029C0 /* Project object */;
}
