// !$*UTF8*$!
{
	archiveVersion = 1;
	classes = {
	};
	objectVersion = 50;
	objects = {

/* Begin PBXBuildFile section */
		6BEA90DF252DCC4E00F029C0 /* AppDelegate.swift in Sources */ = {isa = PBXBuildFile; fileRef = 6BEA90DE252DCC4E00F029C0 /* AppDelegate.swift */; };
		6BEA90E1252DCC4E00F029C0 /* SceneDelegate.swift in Sources */ = {isa = PBXBuildFile; fileRef = 6BEA90E0252DCC4E00F029C0 /* SceneDelegate.swift */; };
		6BEA90E3252DCC4E00F029C0 /* ViewController.swift in Sources */ = {isa = PBXBuildFile; fileRef = 6BEA90E2252DCC4E00F029C0 /* ViewController.swift */; };
		6BEA90E6252DCC4E00F029C0 /* Main.storyboard in Resources */ = {isa = PBXBuildFile; fileRef = 6BEA90E4252DCC4E00F029C0 /* Main.storyboard */; };
		6BEA90E8252DCC6C00F029C0 /* Assets.xcassets in Resources */ = {isa = PBXBuildFile; fileRef = 6BEA90E7252DCC6C00F029C0 /* Assets.xcassets */; };
		6BEA90EB252DCC6C00F029C0 /* LaunchScreen.storyboard in Resources */ = {isa = PBXBuildFile; fileRef = 6BEA90E9252DCC6C00F029C0 /* LaunchScreen.storyboard */; };
		6BEA90F6252DCC6D00F029C0 /* SPVTests.swift in Sources */ = {isa = PBXBuildFile; fileRef = 6BEA90F5252DCC6D00F029C0 /* SPVTests.swift */; };
		6BEA9101252DCC6D00F029C0 /* SPVUITests.swift in Sources */ = {isa = PBXBuildFile; fileRef = 6BEA9100252DCC6D00F029C0 /* SPVUITests.swift */; };
/* End PBXBuildFile section */

/* Begin PBXContainerItemProxy section */
		6BEA90F2252DCC6D00F029C0 /* PBXContainerItemProxy */ = {
			isa = PBXContainerItemProxy;
			containerPortal = 6BEA90D3252DCC4E00F029C0 /* Project object */;
			proxyType = 1;
			remoteGlobalIDString = 6BEA90DA252DCC4E00F029C0;
			remoteInfo = SPV;
		};
		6BEA90FD252DCC6D00F029C0 /* PBXContainerItemProxy */ = {
			isa = PBXContainerItemProxy;
			containerPortal = 6BEA90D3252DCC4E00F029C0 /* Project object */;
			proxyType = 1;
			remoteGlobalIDString = 6BEA90DA252DCC4E00F029C0;
			remoteInfo = SPV;
		};
/* End PBXContainerItemProxy section */

/* Begin PBXFileReference section */
		6BEA90DB252DCC4E00F029C0 /* SPV.app */ = {isa = PBXFileReference; explicitFileType = wrapper.application; includeInIndex = 0; path = SPV.app; sourceTree = BUILT_PRODUCTS_DIR; };
		6BEA90DE252DCC4E00F029C0 /* AppDelegate.swift */ = {isa = PBXFileReference; lastKnownFileType = sourcecode.swift; path = AppDelegate.swift; sourceTree = "<group>"; };
		6BEA90E0252DCC4E00F029C0 /* SceneDelegate.swift */ = {isa = PBXFileReference; lastKnownFileType = sourcecode.swift; path = SceneDelegate.swift; sourceTree = "<group>"; };
		6BEA90E2252DCC4E00F029C0 /* ViewController.swift */ = {isa = PBXFileReference; lastKnownFileType = sourcecode.swift; path = ViewController.swift; sourceTree = "<group>"; };
		6BEA90E5252DCC4E00F029C0 /* Base */ = {isa = PBXFileReference; lastKnownFileType = file.storyboard; name = Base; path = Base.lproj/Main.storyboard; sourceTree = "<group>"; };
		6BEA90E7252DCC6C00F029C0 /* Assets.xcassets */ = {isa = PBXFileReference; lastKnownFileType = folder.assetcatalog; path = Assets.xcassets; sourceTree = "<group>"; };
		6BEA90EA252DCC6C00F029C0 /* Base */ = {isa = PBXFileReference; lastKnownFileType = file.storyboard; name = Base; path = Base.lproj/LaunchScreen.storyboard; sourceTree = "<group>"; };
		6BEA90EC252DCC6C00F029C0 /* Info.plist */ = {isa = PBXFileReference; lastKnownFileType = text.plist.xml; path = Info.plist; sourceTree = "<group>"; };
		6BEA90F1252DCC6D00F029C0 /* SPVTests.xctest */ = {isa = PBXFileReference; explicitFileType = wrapper.cfbundle; includeInIndex = 0; path = SPVTests.xctest; sourceTree = BUILT_PRODUCTS_DIR; };
		6BEA90F5252DCC6D00F029C0 /* SPVTests.swift */ = {isa = PBXFileReference; lastKnownFileType = sourcecode.swift; path = SPVTests.swift; sourceTree = "<group>"; };
		6BEA90F7252DCC6D00F029C0 /* Info.plist */ = {isa = PBXFileReference; lastKnownFileType = text.plist.xml; path = Info.plist; sourceTree = "<group>"; };
		6BEA90FC252DCC6D00F029C0 /* SPVUITests.xctest */ = {isa = PBXFileReference; explicitFileType = wrapper.cfbundle; includeInIndex = 0; path = SPVUITests.xctest; sourceTree = BUILT_PRODUCTS_DIR; };
		6BEA9100252DCC6D00F029C0 /* SPVUITests.swift */ = {isa = PBXFileReference; lastKnownFileType = sourcecode.swift; path = SPVUITests.swift; sourceTree = "<group>"; };
		6BEA9102252DCC6D00F029C0 /* Info.plist */ = {isa = PBXFileReference; lastKnownFileType = text.plist.xml; path = Info.plist; sourceTree = "<group>"; };
/* End PBXFileReference section */

/* Begin PBXFrameworksBuildPhase section */
		6BEA90D8252DCC4E00F029C0 /* Frameworks */ = {
			isa = PBXFrameworksBuildPhase;
			buildActionMask = 2147483647;
			files = (
			);
			runOnlyForDeploymentPostprocessing = 0;
		};
		6BEA90EE252DCC6D00F029C0 /* Frameworks */ = {
			isa = PBXFrameworksBuildPhase;
			buildActionMask = 2147483647;
			files = (
			);
			runOnlyForDeploymentPostprocessing = 0;
		};
		6BEA90F9252DCC6D00F029C0 /* Frameworks */ = {
			isa = PBXFrameworksBuildPhase;
			buildActionMask = 2147483647;
			files = (
			);
			runOnlyForDeploymentPostprocessing = 0;
		};
/* End PBXFrameworksBuildPhase section */

/* Begin PBXGroup section */
		6BEA90D2252DCC4E00F029C0 = {
			isa = PBXGroup;
			children = (
				6BEA90DD252DCC4E00F029C0 /* SPV */,
				6BEA90F4252DCC6D00F029C0 /* SPVTests */,
				6BEA90FF252DCC6D00F029C0 /* SPVUITests */,
				6BEA90DC252DCC4E00F029C0 /* Products */,
			);
			sourceTree = "<group>";
		};
		6BEA90DC252DCC4E00F029C0 /* Products */ = {
			isa = PBXGroup;
			children = (
				6BEA90DB252DCC4E00F029C0 /* SPV.app */,
				6BEA90F1252DCC6D00F029C0 /* SPVTests.xctest */,
				6BEA90FC252DCC6D00F029C0 /* SPVUITests.xctest */,
			);
			name = Products;
			sourceTree = "<group>";
		};
		6BEA90DD252DCC4E00F029C0 /* SPV */ = {
			isa = PBXGroup;
			children = (
				6BEA90DE252DCC4E00F029C0 /* AppDelegate.swift */,
				6BEA90E0252DCC4E00F029C0 /* SceneDelegate.swift */,
				6BEA90E2252DCC4E00F029C0 /* ViewController.swift */,
				6BEA90E4252DCC4E00F029C0 /* Main.storyboard */,
				6BEA90E7252DCC6C00F029C0 /* Assets.xcassets */,
				6BEA90E9252DCC6C00F029C0 /* LaunchScreen.storyboard */,
				6BEA90EC252DCC6C00F029C0 /* Info.plist */,
			);
			name = SPV;
			path = ../../../../Documents/SPV/SPV;
			sourceTree = "<group>";
		};
		6BEA90F4252DCC6D00F029C0 /* SPVTests */ = {
			isa = PBXGroup;
			children = (
				6BEA90F5252DCC6D00F029C0 /* SPVTests.swift */,
				6BEA90F7252DCC6D00F029C0 /* Info.plist */,
			);
			name = SPVTests;
			path = ../../../../Documents/SPV/SPVTests;
			sourceTree = "<group>";
		};
		6BEA90FF252DCC6D00F029C0 /* SPVUITests */ = {
			isa = PBXGroup;
			children = (
				6BEA9100252DCC6D00F029C0 /* SPVUITests.swift */,
				6BEA9102252DCC6D00F029C0 /* Info.plist */,
			);
			name = SPVUITests;
			path = ../../../../Documents/SPV/SPVUITests;
			sourceTree = "<group>";
		};
/* End PBXGroup section */

/* Begin PBXNativeTarget section */
		6BEA90DA252DCC4E00F029C0 /* SPV */ = {
			isa = PBXNativeTarget;
			buildConfigurationList = 6BEA9105252DCC6D00F029C0 /* Build configuration list for PBXNativeTarget "SPV" */;
			buildPhases = (
				6BEA90D7252DCC4E00F029C0 /* Sources */,
				6BEA90D8252DCC4E00F029C0 /* Frameworks */,
				6BEA90D9252DCC4E00F029C0 /* Resources */,
			);
			buildRules = (
			);
			dependencies = (
			);
			name = SPV;
			productName = SPV;
			productReference = 6BEA90DB252DCC4E00F029C0 /* SPV.app */;
			productType = "com.apple.product-type.application";
		};
		6BEA90F0252DCC6D00F029C0 /* SPVTests */ = {
			isa = PBXNativeTarget;
			buildConfigurationList = 6BEA9108252DCC6D00F029C0 /* Build configuration list for PBXNativeTarget "SPVTests" */;
			buildPhases = (
				6BEA90ED252DCC6D00F029C0 /* Sources */,
				6BEA90EE252DCC6D00F029C0 /* Frameworks */,
				6BEA90EF252DCC6D00F029C0 /* Resources */,
			);
			buildRules = (
			);
			dependencies = (
				6BEA90F3252DCC6D00F029C0 /* PBXTargetDependency */,
			);
			name = SPVTests;
			productName = SPVTests;
			productReference = 6BEA90F1252DCC6D00F029C0 /* SPVTests.xctest */;
			productType = "com.apple.product-type.bundle.unit-test";
		};
		6BEA90FB252DCC6D00F029C0 /* SPVUITests */ = {
			isa = PBXNativeTarget;
			buildConfigurationList = 6BEA910B252DCC6D00F029C0 /* Build configuration list for PBXNativeTarget "SPVUITests" */;
			buildPhases = (
				6BEA90F8252DCC6D00F029C0 /* Sources */,
				6BEA90F9252DCC6D00F029C0 /* Frameworks */,
				6BEA90FA252DCC6D00F029C0 /* Resources */,
			);
			buildRules = (
			);
			dependencies = (
				6BEA90FE252DCC6D00F029C0 /* PBXTargetDependency */,
			);
			name = SPVUITests;
			productName = SPVUITests;
			productReference = 6BEA90FC252DCC6D00F029C0 /* SPVUITests.xctest */;
			productType = "com.apple.product-type.bundle.ui-testing";
		};
/* End PBXNativeTarget section */

/* Begin PBXProject section */
		6BEA90D3252DCC4E00F029C0 /* Project object */ = {
			isa = PBXProject;
			attributes = {
				LastSwiftUpdateCheck = 1150;
				LastUpgradeCheck = 1150;
				ORGANIZATIONNAME = "HappySanz Tech";
				TargetAttributes = {
					6BEA90DA252DCC4E00F029C0 = {
						CreatedOnToolsVersion = 11.5;
					};
					6BEA90F0252DCC6D00F029C0 = {
						CreatedOnToolsVersion = 11.5;
						TestTargetID = 6BEA90DA252DCC4E00F029C0;
					};
					6BEA90FB252DCC6D00F029C0 = {
						CreatedOnToolsVersion = 11.5;
						TestTargetID = 6BEA90DA252DCC4E00F029C0;
					};
				};
			};
			buildConfigurationList = 6BEA90D6252DCC4E00F029C0 /* Build configuration list for PBXProject "SPV" */;
			compatibilityVersion = "Xcode 9.3";
			developmentRegion = en;
			hasScannedForEncodings = 0;
			knownRegions = (
				en,
				Base,
			);
			mainGroup = 6BEA90D2252DCC4E00F029C0;
			productRefGroup = 6BEA90DC252DCC4E00F029C0 /* Products */;
			projectDirPath = "";
			projectRoot = "";
			targets = (
				6BEA90DA252DCC4E00F029C0 /* SPV */,
				6BEA90F0252DCC6D00F029C0 /* SPVTests */,
				6BEA90FB252DCC6D00F029C0 /* SPVUITests */,
			);
		};
/* End PBXProject section */

/* Begin PBXResourcesBuildPhase section */
		6BEA90D9252DCC4E00F029C0 /* Resources */ = {
			isa = PBXResourcesBuildPhase;
			buildActionMask = 2147483647;
			files = (
				6BEA90EB252DCC6C00F029C0 /* LaunchScreen.storyboard in Resources */,
				6BEA90E8252DCC6C00F029C0 /* Assets.xcassets in Resources */,
				6BEA90E6252DCC4E00F029C0 /* Main.storyboard in Resources */,
			);
			runOnlyForDeploymentPostprocessing = 0;
		};
		6BEA90EF252DCC6D00F029C0 /* Resources */ = {
			isa = PBXResourcesBuildPhase;
			buildActionMask = 2147483647;
			files = (
			);
			runOnlyForDeploymentPostprocessing = 0;
		};
		6BEA90FA252DCC6D00F029C0 /* Resources */ = {
			isa = PBXResourcesBuildPhase;
			buildActionMask = 2147483647;
			files = (
			);
			runOnlyForDeploymentPostprocessing = 0;
		};
/* End PBXResourcesBuildPhase section */

/* Begin PBXSourcesBuildPhase section */
		6BEA90D7252DCC4E00F029C0 /* Sources */ = {
			isa = PBXSourcesBuildPhase;
			buildActionMask = 2147483647;
			files = (
				6BEA90E3252DCC4E00F029C0 /* ViewController.swift in Sources */,
				6BEA90DF252DCC4E00F029C0 /* AppDelegate.swift in Sources */,
				6BEA90E1252DCC4E00F029C0 /* SceneDelegate.swift in Sources */,
			);
			runOnlyForDeploymentPostprocessing = 0;
		};
		6BEA90ED252DCC6D00F029C0 /* Sources */ = {
			isa = PBXSourcesBuildPhase;
			buildActionMask = 2147483647;
			files = (
				6BEA90F6252DCC6D00F029C0 /* SPVTests.swift in Sources */,
			);
			runOnlyForDeploymentPostprocessing = 0;
		};
		6BEA90F8252DCC6D00F029C0 /* Sources */ = {
			isa = PBXSourcesBuildPhase;
			buildActionMask = 2147483647;
			files = (
				6BEA9101252DCC6D00F029C0 /* SPVUITests.swift in Sources */,
			);
			runOnlyForDeploymentPostprocessing = 0;
		};
/* End PBXSourcesBuildPhase section */

/* Begin PBXTargetDependency section */
		6BEA90F3252DCC6D00F029C0 /* PBXTargetDependency */ = {
			isa = PBXTargetDependency;
			target = 6BEA90DA252DCC4E00F029C0 /* SPV */;
			targetProxy = 6BEA90F2252DCC6D00F029C0 /* PBXContainerItemProxy */;
		};
		6BEA90FE252DCC6D00F029C0 /* PBXTargetDependency */ = {
			isa = PBXTargetDependency;
			target = 6BEA90DA252DCC4E00F029C0 /* SPV */;
			targetProxy = 6BEA90FD252DCC6D00F029C0 /* PBXContainerItemProxy */;
		};
/* End PBXTargetDependency section */

/* Begin PBXVariantGroup section */
		6BEA90E4252DCC4E00F029C0 /* Main.storyboard */ = {
			isa = PBXVariantGroup;
			children = (
				6BEA90E5252DCC4E00F029C0 /* Base */,
			);
			name = Main.storyboard;
			sourceTree = "<group>";
		};
		6BEA90E9252DCC6C00F029C0 /* LaunchScreen.storyboard */ = {
			isa = PBXVariantGroup;
			children = (
				6BEA90EA252DCC6C00F029C0 /* Base */,
			);
			name = LaunchScreen.storyboard;
			sourceTree = "<group>";
		};
/* End PBXVariantGroup section */

/* Begin XCBuildConfiguration section */
		6BEA9103252DCC6D00F029C0 /* Debug */ = {
			isa = XCBuildConfiguration;
			buildSettings = {
				ALWAYS_SEARCH_USER_PATHS = NO;
				CLANG_ANALYZER_NONNULL = YES;
				CLANG_ANALYZER_NUMBER_OBJECT_CONVERSION = YES_AGGRESSIVE;
				CLANG_CXX_LANGUAGE_STANDARD = "gnu++14";
				CLANG_CXX_LIBRARY = "libc++";
				CLANG_ENABLE_MODULES = YES;
				CLANG_ENABLE_OBJC_ARC = YES;
				CLANG_ENABLE_OBJC_WEAK = YES;
				CLANG_WARN_BLOCK_CAPTURE_AUTORELEASING = YES;
				CLANG_WARN_BOOL_CONVERSION = YES;
				CLANG_WARN_COMMA = YES;
				CLANG_WARN_CONSTANT_CONVERSION = YES;
				CLANG_WARN_DEPRECATED_OBJC_IMPLEMENTATIONS = YES;
				CLANG_WARN_DIRECT_OBJC_ISA_USAGE = YES_ERROR;
				CLANG_WARN_DOCUMENTATION_COMMENTS = YES;
				CLANG_WARN_EMPTY_BODY = YES;
				CLANG_WARN_ENUM_CONVERSION = YES;
				CLANG_WARN_INFINITE_RECURSION = YES;
				CLANG_WARN_INT_CONVERSION = YES;
				CLANG_WARN_NON_LITERAL_NULL_CONVERSION = YES;
				CLANG_WARN_OBJC_IMPLICIT_RETAIN_SELF = YES;
				CLANG_WARN_OBJC_LITERAL_CONVERSION = YES;
				CLANG_WARN_OBJC_ROOT_CLASS = YES_ERROR;
				CLANG_WARN_RANGE_LOOP_ANALYSIS = YES;
				CLANG_WARN_STRICT_PROTOTYPES = YES;
				CLANG_WARN_SUSPICIOUS_MOVE = YES;
				CLANG_WARN_UNGUARDED_AVAILABILITY = YES_AGGRESSIVE;
				CLANG_WARN_UNREACHABLE_CODE = YES;
				CLANG_WARN__DUPLICATE_METHOD_MATCH = YES;
				COPY_PHASE_STRIP = NO;
				DEBUG_INFORMATION_FORMAT = dwarf;
				ENABLE_STRICT_OBJC_MSGSEND = YES;
				ENABLE_TESTABILITY = YES;
				GCC_C_LANGUAGE_STANDARD = gnu11;
				GCC_DYNAMIC_NO_PIC = NO;
				GCC_NO_COMMON_BLOCKS = YES;
				GCC_OPTIMIZATION_LEVEL = 0;
				GCC_PREPROCESSOR_DEFINITIONS = (
					"DEBUG=1",
					"$(inherited)",
				);
				GCC_WARN_64_TO_32_BIT_CONVERSION = YES;
				GCC_WARN_ABOUT_RETURN_TYPE = YES_ERROR;
				GCC_WARN_UNDECLARED_SELECTOR = YES;
				GCC_WARN_UNINITIALIZED_AUTOS = YES_AGGRESSIVE;
				GCC_WARN_UNUSED_FUNCTION = YES;
				GCC_WARN_UNUSED_VARIABLE = YES;
				IPHONEOS_DEPLOYMENT_TARGET = 13.5;
				MTL_ENABLE_DEBUG_INFO = INCLUDE_SOURCE;
				MTL_FAST_MATH = YES;
				ONLY_ACTIVE_ARCH = YES;
				SDKROOT = iphoneos;
				SWIFT_ACTIVE_COMPILATION_CONDITIONS = DEBUG;
				SWIFT_OPTIMIZATION_LEVEL = "-Onone";
			};
			name = Debug;
		};
		6BEA9104252DCC6D00F029C0 /* Release */ = {
			isa = XCBuildConfiguration;
			buildSettings = {
				ALWAYS_SEARCH_USER_PATHS = NO;
				CLANG_ANALYZER_NONNULL = YES;
				CLANG_ANALYZER_NUMBER_OBJECT_CONVERSION = YES_AGGRESSIVE;
				CLANG_CXX_LANGUAGE_STANDARD = "gnu++14";
				CLANG_CXX_LIBRARY = "libc++";
				CLANG_ENABLE_MODULES = YES;
				CLANG_ENABLE_OBJC_ARC = YES;
				CLANG_ENABLE_OBJC_WEAK = YES;
				CLANG_WARN_BLOCK_CAPTURE_AUTORELEASING = YES;
				CLANG_WARN_BOOL_CONVERSION = YES;
				CLANG_WARN_COMMA = YES;
				CLANG_WARN_CONSTANT_CONVERSION = YES;
				CLANG_WARN_DEPRECATED_OBJC_IMPLEMENTATIONS = YES;
				CLANG_WARN_DIRECT_OBJC_ISA_USAGE = YES_ERROR;
				CLANG_WARN_DOCUMENTATION_COMMENTS = YES;
				CLANG_WARN_EMPTY_BODY = YES;
				CLANG_WARN_ENUM_CONVERSION = YES;
				CLANG_WARN_INFINITE_RECURSION = YES;
				CLANG_WARN_INT_CONVERSION = YES;
				CLANG_WARN_NON_LITERAL_NULL_CONVERSION = YES;
				CLANG_WARN_OBJC_IMPLICIT_RETAIN_SELF = YES;
				CLANG_WARN_OBJC_LITERAL_CONVERSION = YES;
				CLANG_WARN_OBJC_ROOT_CLASS = YES_ERROR;
				CLANG_WARN_RANGE_LOOP_ANALYSIS = YES;
				CLANG_WARN_STRICT_PROTOTYPES = YES;
				CLANG_WARN_SUSPICIOUS_MOVE = YES;
				CLANG_WARN_UNGUARDED_AVAILABILITY = YES_AGGRESSIVE;
				CLANG_WARN_UNREACHABLE_CODE = YES;
				CLANG_WARN__DUPLICATE_METHOD_MATCH = YES;
				COPY_PHASE_STRIP = NO;
				DEBUG_INFORMATION_FORMAT = "dwarf-with-dsym";
				ENABLE_NS_ASSERTIONS = NO;
				ENABLE_STRICT_OBJC_MSGSEND = YES;
				GCC_C_LANGUAGE_STANDARD = gnu11;
				GCC_NO_COMMON_BLOCKS = YES;
				GCC_WARN_64_TO_32_BIT_CONVERSION = YES;
				GCC_WARN_ABOUT_RETURN_TYPE = YES_ERROR;
				GCC_WARN_UNDECLARED_SELECTOR = YES;
				GCC_WARN_UNINITIALIZED_AUTOS = YES_AGGRESSIVE;
				GCC_WARN_UNUSED_FUNCTION = YES;
				GCC_WARN_UNUSED_VARIABLE = YES;
				IPHONEOS_DEPLOYMENT_TARGET = 13.5;
				MTL_ENABLE_DEBUG_INFO = NO;
				MTL_FAST_MATH = YES;
				SDKROOT = iphoneos;
				SWIFT_COMPILATION_MODE = wholemodule;
				SWIFT_OPTIMIZATION_LEVEL = "-O";
				VALIDATE_PRODUCT = YES;
			};
			name = Release;
		};
		6BEA9106252DCC6D00F029C0 /* Debug */ = {
			isa = XCBuildConfiguration;
			buildSettings = {
				ASSETCATALOG_COMPILER_APPICON_NAME = AppIcon;
				CODE_SIGN_STYLE = Automatic;
				DEVELOPMENT_TEAM = 6V986NC4N5;
				INFOPLIST_FILE = SPV/Info.plist;
				LD_RUNPATH_SEARCH_PATHS = (
					"$(inherited)",
					"@executable_path/Frameworks",
				);
				PRODUCT_BUNDLE_IDENTIFIER = com.hst.SPV;
				PRODUCT_NAME = "$(TARGET_NAME)";
				SWIFT_VERSION = 5.0;
				TARGETED_DEVICE_FAMILY = "1,2";
			};
			name = Debug;
		};
		6BEA9107252DCC6D00F029C0 /* Release */ = {
			isa = XCBuildConfiguration;
			buildSettings = {
				ASSETCATALOG_COMPILER_APPICON_NAME = AppIcon;
				CODE_SIGN_STYLE = Automatic;
				DEVELOPMENT_TEAM = 6V986NC4N5;
				INFOPLIST_FILE = SPV/Info.plist;
				LD_RUNPATH_SEARCH_PATHS = (
					"$(inherited)",
					"@executable_path/Frameworks",
				);
				PRODUCT_BUNDLE_IDENTIFIER = com.hst.SPV;
				PRODUCT_NAME = "$(TARGET_NAME)";
				SWIFT_VERSION = 5.0;
				TARGETED_DEVICE_FAMILY = "1,2";
			};
			name = Release;
		};
		6BEA9109252DCC6D00F029C0 /* Debug */ = {
			isa = XCBuildConfiguration;
			buildSettings = {
				ALWAYS_EMBED_SWIFT_STANDARD_LIBRARIES = YES;
				BUNDLE_LOADER = "$(TEST_HOST)";
				CODE_SIGN_STYLE = Automatic;
				DEVELOPMENT_TEAM = 6V986NC4N5;
				INFOPLIST_FILE = SPVTests/Info.plist;
				IPHONEOS_DEPLOYMENT_TARGET = 13.5;
				LD_RUNPATH_SEARCH_PATHS = (
					"$(inherited)",
					"@executable_path/Frameworks",
					"@loader_path/Frameworks",
				);
				PRODUCT_BUNDLE_IDENTIFIER = com.hst.SPVTests;
				PRODUCT_NAME = "$(TARGET_NAME)";
				SWIFT_VERSION = 5.0;
				TARGETED_DEVICE_FAMILY = "1,2";
				TEST_HOST = "$(BUILT_PRODUCTS_DIR)/SPV.app/SPV";
			};
			name = Debug;
		};
		6BEA910A252DCC6D00F029C0 /* Release */ = {
			isa = XCBuildConfiguration;
			buildSettings = {
				ALWAYS_EMBED_SWIFT_STANDARD_LIBRARIES = YES;
				BUNDLE_LOADER = "$(TEST_HOST)";
				CODE_SIGN_STYLE = Automatic;
				DEVELOPMENT_TEAM = 6V986NC4N5;
				INFOPLIST_FILE = SPVTests/Info.plist;
				IPHONEOS_DEPLOYMENT_TARGET = 13.5;
				LD_RUNPATH_SEARCH_PATHS = (
					"$(inherited)",
					"@executable_path/Frameworks",
					"@loader_path/Frameworks",
				);
				PRODUCT_BUNDLE_IDENTIFIER = com.hst.SPVTests;
				PRODUCT_NAME = "$(TARGET_NAME)";
				SWIFT_VERSION = 5.0;
				TARGETED_DEVICE_FAMILY = "1,2";
				TEST_HOST = "$(BUILT_PRODUCTS_DIR)/SPV.app/SPV";
			};
			name = Release;
		};
		6BEA910C252DCC6D00F029C0 /* Debug */ = {
			isa = XCBuildConfiguration;
			buildSettings = {
				ALWAYS_EMBED_SWIFT_STANDARD_LIBRARIES = YES;
				CODE_SIGN_STYLE = Automatic;
				DEVELOPMENT_TEAM = 6V986NC4N5;
				INFOPLIST_FILE = SPVUITests/Info.plist;
				LD_RUNPATH_SEARCH_PATHS = (
					"$(inherited)",
					"@executable_path/Frameworks",
					"@loader_path/Frameworks",
				);
				PRODUCT_BUNDLE_IDENTIFIER = com.hst.SPVUITests;
				PRODUCT_NAME = "$(TARGET_NAME)";
				SWIFT_VERSION = 5.0;
				TARGETED_DEVICE_FAMILY = "1,2";
				TEST_TARGET_NAME = SPV;
			};
			name = Debug;
		};
		6BEA910D252DCC6D00F029C0 /* Release */ = {
			isa = XCBuildConfiguration;
			buildSettings = {
				ALWAYS_EMBED_SWIFT_STANDARD_LIBRARIES = YES;
				CODE_SIGN_STYLE = Automatic;
				DEVELOPMENT_TEAM = 6V986NC4N5;
				INFOPLIST_FILE = SPVUITests/Info.plist;
				LD_RUNPATH_SEARCH_PATHS = (
					"$(inherited)",
					"@executable_path/Frameworks",
					"@loader_path/Frameworks",
				);
				PRODUCT_BUNDLE_IDENTIFIER = com.hst.SPVUITests;
				PRODUCT_NAME = "$(TARGET_NAME)";
				SWIFT_VERSION = 5.0;
				TARGETED_DEVICE_FAMILY = "1,2";
				TEST_TARGET_NAME = SPV;
			};
			name = Release;
		};
/* End XCBuildConfiguration section */

/* Begin XCConfigurationList section */
		6BEA90D6252DCC4E00F029C0 /* Build configuration list for PBXProject "SPV" */ = {
			isa = XCConfigurationList;
			buildConfigurations = (
				6BEA9103252DCC6D00F029C0 /* Debug */,
				6BEA9104252DCC6D00F029C0 /* Release */,
			);
			defaultConfigurationIsVisible = 0;
			defaultConfigurationName = Release;
		};
		6BEA9105252DCC6D00F029C0 /* Build configuration list for PBXNativeTarget "SPV" */ = {
			isa = XCConfigurationList;
			buildConfigurations = (
				6BEA9106252DCC6D00F029C0 /* Debug */,
				6BEA9107252DCC6D00F029C0 /* Release */,
			);
			defaultConfigurationIsVisible = 0;
			defaultConfigurationName = Release;
		};
		6BEA9108252DCC6D00F029C0 /* Build configuration list for PBXNativeTarget "SPVTests" */ = {
			isa = XCConfigurationList;
			buildConfigurations = (
				6BEA9109252DCC6D00F029C0 /* Debug */,
				6BEA910A252DCC6D00F029C0 /* Release */,
			);
			defaultConfigurationIsVisible = 0;
			defaultConfigurationName = Release;
		};
		6BEA910B252DCC6D00F029C0 /* Build configuration list for PBXNativeTarget "SPVUITests" */ = {
			isa = XCConfigurationList;
			buildConfigurations = (
				6BEA910C252DCC6D00F029C0 /* Debug */,
				6BEA910D252DCC6D00F029C0 /* Release */,
			);
			defaultConfigurationIsVisible = 0;
			defaultConfigurationName = Release;
		};
/* End XCConfigurationList section */
	};
	rootObject = 6BEA90D3252DCC4E00F029C0 /* Project object */;
}
